// !$*UTF8*$!
{
	archiveVersion = 1;
	classes = {
	};
	objectVersion = 48;
	objects = {

/* Begin PBXBuildFile section */
		0445F9AF20676962003993A3 /* Shadowsocks.swift in Sources */ = {isa = PBXBuildFile; fileRef = 0445F9AE20676962003993A3 /* Shadowsocks.swift */; };
		044E345220AF46CF005B0CB5 /* Alamofire.framework in Frameworks */ = {isa = PBXBuildFile; fileRef = 044E345120AF46CF005B0CB5 /* Alamofire.framework */; };
		046CFB2820E6238300BC2769 /* sys_arch.c in Sources */ = {isa = PBXBuildFile; fileRef = 046CFB2720E6238300BC2769 /* sys_arch.c */; };
		0485CBE72073838C003F596A /* InfoPlist.strings in Resources */ = {isa = PBXBuildFile; fileRef = 0485CBE52073838C003F596A /* InfoPlist.strings */; };
		0485CBEB207383E6003F596A /* Localizable.strings in Resources */ = {isa = PBXBuildFile; fileRef = 0485CBE9207383E6003F596A /* Localizable.strings */; };
		0495EA552073D49000320501 /* Eureka.framework in Frameworks */ = {isa = PBXBuildFile; fileRef = 0495EA542073D49000320501 /* Eureka.framework */; settings = {ATTRIBUTES = (Required, ); }; };
		0495EA572073D49C00320501 /* KeychainAccess.framework in Frameworks */ = {isa = PBXBuildFile; fileRef = 0495EA562073D49B00320501 /* KeychainAccess.framework */; };
		0495EA5A2073D77500320501 /* NEKit.framework in Frameworks */ = {isa = PBXBuildFile; fileRef = 0495EA592073D77500320501 /* NEKit.framework */; };
		04B96FE920AFDA9900D9E1F2 /* Alamofire.framework in Frameworks */ = {isa = PBXBuildFile; fileRef = 044E345120AF46CF005B0CB5 /* Alamofire.framework */; };
		04D1D0BE2065513200F5C4B9 /* NetworkExtension.framework in Frameworks */ = {isa = PBXBuildFile; fileRef = 04D1D0BD2065513200F5C4B9 /* NetworkExtension.framework */; };
		04D1D0BF2065513D00F5C4B9 /* NetworkExtension.framework in Frameworks */ = {isa = PBXBuildFile; fileRef = 04D1D0BD2065513200F5C4B9 /* NetworkExtension.framework */; };
		04DC45AE20E6211F00F6841B /* sockets.c in Sources */ = {isa = PBXBuildFile; fileRef = 04DC44CF20E6211F00F6841B /* sockets.c */; };
		04DC45AF20E6211F00F6841B /* netdb.c in Sources */ = {isa = PBXBuildFile; fileRef = 04DC44D020E6211F00F6841B /* netdb.c */; };
		04DC45B020E6211F00F6841B /* tcpip.c in Sources */ = {isa = PBXBuildFile; fileRef = 04DC44D120E6211F00F6841B /* tcpip.c */; };
		04DC45B120E6211F00F6841B /* err.c in Sources */ = {isa = PBXBuildFile; fileRef = 04DC44D220E6211F00F6841B /* err.c */; };
		04DC45B220E6211F00F6841B /* netifapi.c in Sources */ = {isa = PBXBuildFile; fileRef = 04DC44D320E6211F00F6841B /* netifapi.c */; };
		04DC45B320E6211F00F6841B /* api_lib.c in Sources */ = {isa = PBXBuildFile; fileRef = 04DC44D420E6211F00F6841B /* api_lib.c */; };
		04DC45B420E6211F00F6841B /* api_msg.c in Sources */ = {isa = PBXBuildFile; fileRef = 04DC44D520E6211F00F6841B /* api_msg.c */; };
		04DC45B520E6211F00F6841B /* netbuf.c in Sources */ = {isa = PBXBuildFile; fileRef = 04DC44D620E6211F00F6841B /* netbuf.c */; };
		04DC45B620E6211F00F6841B /* memp.c in Sources */ = {isa = PBXBuildFile; fileRef = 04DC44D820E6211F00F6841B /* memp.c */; };
		04DC45B720E6211F00F6841B /* sys.c in Sources */ = {isa = PBXBuildFile; fileRef = 04DC44D920E6211F00F6841B /* sys.c */; };
		04DC45B820E6211F00F6841B /* inet_chksum.c in Sources */ = {isa = PBXBuildFile; fileRef = 04DC44DA20E6211F00F6841B /* inet_chksum.c */; };
		04DC45B920E6211F00F6841B /* raw.c in Sources */ = {isa = PBXBuildFile; fileRef = 04DC44DB20E6211F00F6841B /* raw.c */; };
		04DC45BA20E6211F00F6841B /* tcp_out.c in Sources */ = {isa = PBXBuildFile; fileRef = 04DC44DC20E6211F00F6841B /* tcp_out.c */; };
		04DC45BB20E6211F00F6841B /* ip.c in Sources */ = {isa = PBXBuildFile; fileRef = 04DC44DD20E6211F00F6841B /* ip.c */; };
		04DC45BC20E6211F00F6841B /* dns.c in Sources */ = {isa = PBXBuildFile; fileRef = 04DC44DE20E6211F00F6841B /* dns.c */; };
		04DC45BD20E6211F00F6841B /* init.c in Sources */ = {isa = PBXBuildFile; fileRef = 04DC44DF20E6211F00F6841B /* init.c */; };
		04DC45BE20E6211F00F6841B /* mem.c in Sources */ = {isa = PBXBuildFile; fileRef = 04DC44E020E6211F00F6841B /* mem.c */; };
		04DC45BF20E6211F00F6841B /* def.c in Sources */ = {isa = PBXBuildFile; fileRef = 04DC44E120E6211F00F6841B /* def.c */; };
		04DC45C020E6211F00F6841B /* udp.c in Sources */ = {isa = PBXBuildFile; fileRef = 04DC44E220E6211F00F6841B /* udp.c */; };
		04DC45C120E6211F00F6841B /* stats.c in Sources */ = {isa = PBXBuildFile; fileRef = 04DC44E320E6211F00F6841B /* stats.c */; };
		04DC45C220E6211F00F6841B /* tcp_in.c in Sources */ = {isa = PBXBuildFile; fileRef = 04DC44E420E6211F00F6841B /* tcp_in.c */; };
		04DC45C320E6211F00F6841B /* autoip.c in Sources */ = {isa = PBXBuildFile; fileRef = 04DC44E620E6211F00F6841B /* autoip.c */; };
		04DC45C420E6211F00F6841B /* dhcp.c in Sources */ = {isa = PBXBuildFile; fileRef = 04DC44E720E6211F00F6841B /* dhcp.c */; };
		04DC45C520E6211F00F6841B /* igmp.c in Sources */ = {isa = PBXBuildFile; fileRef = 04DC44E820E6211F00F6841B /* igmp.c */; };
		04DC45C620E6211F00F6841B /* etharp.c in Sources */ = {isa = PBXBuildFile; fileRef = 04DC44E920E6211F00F6841B /* etharp.c */; };
		04DC45C720E6211F00F6841B /* icmp.c in Sources */ = {isa = PBXBuildFile; fileRef = 04DC44EA20E6211F00F6841B /* icmp.c */; };
		04DC45C820E6211F00F6841B /* ip4.c in Sources */ = {isa = PBXBuildFile; fileRef = 04DC44EB20E6211F00F6841B /* ip4.c */; };
		04DC45C920E6211F00F6841B /* ip4_frag.c in Sources */ = {isa = PBXBuildFile; fileRef = 04DC44EC20E6211F00F6841B /* ip4_frag.c */; };
		04DC45CA20E6211F00F6841B /* ip4_addr.c in Sources */ = {isa = PBXBuildFile; fileRef = 04DC44ED20E6211F00F6841B /* ip4_addr.c */; };
		04DC45CB20E6211F00F6841B /* netif.c in Sources */ = {isa = PBXBuildFile; fileRef = 04DC44EE20E6211F00F6841B /* netif.c */; };
		04DC45CC20E6211F00F6841B /* tcp.c in Sources */ = {isa = PBXBuildFile; fileRef = 04DC44EF20E6211F00F6841B /* tcp.c */; };
		04DC45CD20E6211F00F6841B /* pbuf.c in Sources */ = {isa = PBXBuildFile; fileRef = 04DC44F020E6211F00F6841B /* pbuf.c */; };
		04DC45CE20E6211F00F6841B /* timeouts.c in Sources */ = {isa = PBXBuildFile; fileRef = 04DC44F120E6211F00F6841B /* timeouts.c */; };
		04DC45CF20E6211F00F6841B /* ip6.c in Sources */ = {isa = PBXBuildFile; fileRef = 04DC44F320E6211F00F6841B /* ip6.c */; };
		04DC45D020E6211F00F6841B /* icmp6.c in Sources */ = {isa = PBXBuildFile; fileRef = 04DC44F420E6211F00F6841B /* icmp6.c */; };
		04DC45D120E6211F00F6841B /* mld6.c in Sources */ = {isa = PBXBuildFile; fileRef = 04DC44F520E6211F00F6841B /* mld6.c */; };
		04DC45D220E6211F00F6841B /* dhcp6.c in Sources */ = {isa = PBXBuildFile; fileRef = 04DC44F620E6211F00F6841B /* dhcp6.c */; };
		04DC45D320E6211F00F6841B /* ethip6.c in Sources */ = {isa = PBXBuildFile; fileRef = 04DC44F720E6211F00F6841B /* ethip6.c */; };
		04DC45D420E6211F00F6841B /* nd6.c in Sources */ = {isa = PBXBuildFile; fileRef = 04DC44F820E6211F00F6841B /* nd6.c */; };
		04DC45D520E6211F00F6841B /* inet6.c in Sources */ = {isa = PBXBuildFile; fileRef = 04DC44F920E6211F00F6841B /* inet6.c */; };
		04DC45D620E6211F00F6841B /* ip6_addr.c in Sources */ = {isa = PBXBuildFile; fileRef = 04DC44FA20E6211F00F6841B /* ip6_addr.c */; };
		04DC45D720E6211F00F6841B /* ip6_frag.c in Sources */ = {isa = PBXBuildFile; fileRef = 04DC44FB20E6211F00F6841B /* ip6_frag.c */; };
		04DC45D820E6211F00F6841B /* ethernet.c in Sources */ = {isa = PBXBuildFile; fileRef = 04DC44FD20E6211F00F6841B /* ethernet.c */; };
		04DC45D920E6211F00F6841B /* slipif.c in Sources */ = {isa = PBXBuildFile; fileRef = 04DC44FE20E6211F00F6841B /* slipif.c */; };
		04DC45DA20E6211F00F6841B /* vj.c in Sources */ = {isa = PBXBuildFile; fileRef = 04DC450020E6211F00F6841B /* vj.c */; };
		04DC45DB20E6211F00F6841B /* auth.c in Sources */ = {isa = PBXBuildFile; fileRef = 04DC450120E6211F00F6841B /* auth.c */; };
		04DC45DC20E6211F00F6841B /* pppapi.c in Sources */ = {isa = PBXBuildFile; fileRef = 04DC450220E6211F00F6841B /* pppapi.c */; };
		04DC45DD20E6211F00F6841B /* pppol2tp.c in Sources */ = {isa = PBXBuildFile; fileRef = 04DC450320E6211F00F6841B /* pppol2tp.c */; };
		04DC45DE20E6211F00F6841B /* mppe.c in Sources */ = {isa = PBXBuildFile; fileRef = 04DC450420E6211F00F6841B /* mppe.c */; };
		04DC45DF20E6211F00F6841B /* eui64.c in Sources */ = {isa = PBXBuildFile; fileRef = 04DC450520E6211F00F6841B /* eui64.c */; };
		04DC45E020E6211F00F6841B /* multilink.c in Sources */ = {isa = PBXBuildFile; fileRef = 04DC450620E6211F00F6841B /* multilink.c */; };
		04DC45E120E6211F00F6841B /* pppoe.c in Sources */ = {isa = PBXBuildFile; fileRef = 04DC450720E6211F00F6841B /* pppoe.c */; };
		04DC45E220E6211F00F6841B /* chap_ms.c in Sources */ = {isa = PBXBuildFile; fileRef = 04DC450820E6211F00F6841B /* chap_ms.c */; };
		04DC45E320E6211F00F6841B /* eap.c in Sources */ = {isa = PBXBuildFile; fileRef = 04DC450920E6211F00F6841B /* eap.c */; };
		04DC45E420E6211F00F6841B /* pppcrypt.c in Sources */ = {isa = PBXBuildFile; fileRef = 04DC450A20E6211F00F6841B /* pppcrypt.c */; };
		04DC45E520E6211F00F6841B /* pppos.c in Sources */ = {isa = PBXBuildFile; fileRef = 04DC450B20E6211F00F6841B /* pppos.c */; };
		04DC45E620E6211F00F6841B /* md4.c in Sources */ = {isa = PBXBuildFile; fileRef = 04DC450D20E6211F00F6841B /* md4.c */; };
		04DC45E720E6211F00F6841B /* des.c in Sources */ = {isa = PBXBuildFile; fileRef = 04DC450E20E6211F00F6841B /* des.c */; };
		04DC45E820E6211F00F6841B /* sha1.c in Sources */ = {isa = PBXBuildFile; fileRef = 04DC450F20E6211F00F6841B /* sha1.c */; };
		04DC45E920E6211F00F6841B /* README in Resources */ = {isa = PBXBuildFile; fileRef = 04DC451020E6211F00F6841B /* README */; };
		04DC45EA20E6211F00F6841B /* md5.c in Sources */ = {isa = PBXBuildFile; fileRef = 04DC451120E6211F00F6841B /* md5.c */; };
		04DC45EB20E6211F00F6841B /* arc4.c in Sources */ = {isa = PBXBuildFile; fileRef = 04DC451220E6211F00F6841B /* arc4.c */; };
		04DC45EC20E6211F00F6841B /* lcp.c in Sources */ = {isa = PBXBuildFile; fileRef = 04DC451320E6211F00F6841B /* lcp.c */; };
		04DC45ED20E6211F00F6841B /* ipv6cp.c in Sources */ = {isa = PBXBuildFile; fileRef = 04DC451420E6211F00F6841B /* ipv6cp.c */; };
		04DC45EE20E6211F00F6841B /* ccp.c in Sources */ = {isa = PBXBuildFile; fileRef = 04DC451520E6211F00F6841B /* ccp.c */; };
		04DC45EF20E6211F00F6841B /* utils.c in Sources */ = {isa = PBXBuildFile; fileRef = 04DC451620E6211F00F6841B /* utils.c */; };
		04DC45F020E6211F00F6841B /* chap-md5.c in Sources */ = {isa = PBXBuildFile; fileRef = 04DC451720E6211F00F6841B /* chap-md5.c */; };
		04DC45F120E6211F00F6841B /* chap-new.c in Sources */ = {isa = PBXBuildFile; fileRef = 04DC451820E6211F00F6841B /* chap-new.c */; };
		04DC45F220E6211F00F6841B /* upap.c in Sources */ = {isa = PBXBuildFile; fileRef = 04DC451920E6211F00F6841B /* upap.c */; };
		04DC45F320E6211F00F6841B /* ecp.c in Sources */ = {isa = PBXBuildFile; fileRef = 04DC451A20E6211F00F6841B /* ecp.c */; };
		04DC45F420E6211F00F6841B /* magic.c in Sources */ = {isa = PBXBuildFile; fileRef = 04DC451B20E6211F00F6841B /* magic.c */; };
		04DC45F520E6211F00F6841B /* fsm.c in Sources */ = {isa = PBXBuildFile; fileRef = 04DC451C20E6211F00F6841B /* fsm.c */; };
		04DC45F620E6211F00F6841B /* demand.c in Sources */ = {isa = PBXBuildFile; fileRef = 04DC451D20E6211F00F6841B /* demand.c */; };
		04DC45F720E6211F00F6841B /* ppp.c in Sources */ = {isa = PBXBuildFile; fileRef = 04DC451E20E6211F00F6841B /* ppp.c */; };
		04DC45F820E6211F00F6841B /* ipcp.c in Sources */ = {isa = PBXBuildFile; fileRef = 04DC451F20E6211F00F6841B /* ipcp.c */; };
		04DC45F920E6211F00F6841B /* PPPD_FOLLOWUP in Resources */ = {isa = PBXBuildFile; fileRef = 04DC452020E6211F00F6841B /* PPPD_FOLLOWUP */; };
		04DC45FA20E6211F00F6841B /* ethernetif.c in Sources */ = {isa = PBXBuildFile; fileRef = 04DC452120E6211F00F6841B /* ethernetif.c */; };
		04DC45FB20E6211F00F6841B /* lowpan6.c in Sources */ = {isa = PBXBuildFile; fileRef = 04DC452220E6211F00F6841B /* lowpan6.c */; };
		04DC45FC20E6211F00F6841B /* FILES in Resources */ = {isa = PBXBuildFile; fileRef = 04DC452320E6211F00F6841B /* FILES */; };
		04DC45FD20E6211F00F6841B /* FILES in Resources */ = {isa = PBXBuildFile; fileRef = 04DC458120E6211F00F6841B /* FILES */; };
		04EA46092064C9B7002578AF /* AppDelegate.swift in Sources */ = {isa = PBXBuildFile; fileRef = 04EA46082064C9B7002578AF /* AppDelegate.swift */; };
		04EA460B2064C9B7002578AF /* ViewController.swift in Sources */ = {isa = PBXBuildFile; fileRef = 04EA460A2064C9B7002578AF /* ViewController.swift */; };
		04EA46102064C9B7002578AF /* Assets.xcassets in Resources */ = {isa = PBXBuildFile; fileRef = 04EA460F2064C9B7002578AF /* Assets.xcassets */; };
		04EA46132064C9B7002578AF /* LaunchScreen.storyboard in Resources */ = {isa = PBXBuildFile; fileRef = 04EA46112064C9B7002578AF /* LaunchScreen.storyboard */; };
		04EA46362064D10E002578AF /* PacketTunnelProvider.swift in Sources */ = {isa = PBXBuildFile; fileRef = 04EA46352064D10E002578AF /* PacketTunnelProvider.swift */; };
		04EA463B2064D10E002578AF /* PacketTunnel.appex in Embed App Extensions */ = {isa = PBXBuildFile; fileRef = 04EA46332064D10E002578AF /* PacketTunnel.appex */; settings = {ATTRIBUTES = (RemoveHeadersOnCopy, ); }; };
/* End PBXBuildFile section */

/* Begin PBXContainerItemProxy section */
		04EA46392064D10E002578AF /* PBXContainerItemProxy */ = {
			isa = PBXContainerItemProxy;
			containerPortal = 04EA45FD2064C9B7002578AF /* Project object */;
			proxyType = 1;
			remoteGlobalIDString = 04EA46322064D10E002578AF;
			remoteInfo = PacketTunnel;
		};
/* End PBXContainerItemProxy section */

/* Begin PBXCopyFilesBuildPhase section */
		04EA462A2064CC41002578AF /* Embed App Extensions */ = {
			isa = PBXCopyFilesBuildPhase;
			buildActionMask = 2147483647;
			dstPath = "";
			dstSubfolderSpec = 13;
			files = (
				04EA463B2064D10E002578AF /* PacketTunnel.appex in Embed App Extensions */,
			);
			name = "Embed App Extensions";
			runOnlyForDeploymentPostprocessing = 0;
		};
/* End PBXCopyFilesBuildPhase section */

/* Begin PBXFileReference section */
		0445F9AE20676962003993A3 /* Shadowsocks.swift */ = {isa = PBXFileReference; lastKnownFileType = sourcecode.swift; path = Shadowsocks.swift; sourceTree = "<group>"; };
		044E345120AF46CF005B0CB5 /* Alamofire.framework */ = {isa = PBXFileReference; lastKnownFileType = wrapper.framework; name = Alamofire.framework; path = Carthage/Build/iOS/Alamofire.framework; sourceTree = "<group>"; };
		046CFB2720E6238300BC2769 /* sys_arch.c */ = {isa = PBXFileReference; fileEncoding = 4; lastKnownFileType = sourcecode.c.c; path = sys_arch.c; sourceTree = "<group>"; };
		046CFBC620E6245600BC2769 /* socket.h */ = {isa = PBXFileReference; fileEncoding = 4; lastKnownFileType = sourcecode.c.h; path = socket.h; sourceTree = "<group>"; };
		046CFBC720E6245600BC2769 /* netdb.h */ = {isa = PBXFileReference; fileEncoding = 4; lastKnownFileType = sourcecode.c.h; path = netdb.h; sourceTree = "<group>"; };
		046CFBC820E6245600BC2769 /* errno.h */ = {isa = PBXFileReference; fileEncoding = 4; lastKnownFileType = sourcecode.c.h; path = errno.h; sourceTree = "<group>"; };
		0485CBE62073838C003F596A /* Base */ = {isa = PBXFileReference; lastKnownFileType = text.plist.strings; name = Base; path = Base.lproj/InfoPlist.strings; sourceTree = "<group>"; };
		0485CBE8207383B6003F596A /* zh-Hans */ = {isa = PBXFileReference; lastKnownFileType = text.plist.strings; name = "zh-Hans"; path = "zh-Hans.lproj/InfoPlist.strings"; sourceTree = "<group>"; };
		0485CBEA207383E6003F596A /* Base */ = {isa = PBXFileReference; lastKnownFileType = text.plist.strings; name = Base; path = Base.lproj/Localizable.strings; sourceTree = "<group>"; };
		0485CBEC20738401003F596A /* zh-Hans */ = {isa = PBXFileReference; lastKnownFileType = text.plist.strings; name = "zh-Hans"; path = "zh-Hans.lproj/Localizable.strings"; sourceTree = "<group>"; };
		0495EA542073D49000320501 /* Eureka.framework */ = {isa = PBXFileReference; lastKnownFileType = wrapper.framework; name = Eureka.framework; path = Carthage/Build/iOS/Eureka.framework; sourceTree = "<group>"; };
		0495EA562073D49B00320501 /* KeychainAccess.framework */ = {isa = PBXFileReference; lastKnownFileType = wrapper.framework; name = KeychainAccess.framework; path = Carthage/Build/iOS/KeychainAccess.framework; sourceTree = "<group>"; };
		0495EA592073D77500320501 /* NEKit.framework */ = {isa = PBXFileReference; lastKnownFileType = wrapper.framework; name = NEKit.framework; path = Carthage/Build/iOS/NEKit.framework; sourceTree = "<group>"; };
		04AD1AA320E618C100EC40F4 /* BridgingHeader.h */ = {isa = PBXFileReference; lastKnownFileType = sourcecode.c.h; path = BridgingHeader.h; sourceTree = "<group>"; };
		04D1D0BD2065513200F5C4B9 /* NetworkExtension.framework */ = {isa = PBXFileReference; lastKnownFileType = wrapper.framework; name = NetworkExtension.framework; path = System/Library/Frameworks/NetworkExtension.framework; sourceTree = SDKROOT; };
		04DC44CF20E6211F00F6841B /* sockets.c */ = {isa = PBXFileReference; fileEncoding = 4; lastKnownFileType = sourcecode.c.c; path = sockets.c; sourceTree = "<group>"; };
		04DC44D020E6211F00F6841B /* netdb.c */ = {isa = PBXFileReference; fileEncoding = 4; lastKnownFileType = sourcecode.c.c; path = netdb.c; sourceTree = "<group>"; };
		04DC44D120E6211F00F6841B /* tcpip.c */ = {isa = PBXFileReference; fileEncoding = 4; lastKnownFileType = sourcecode.c.c; path = tcpip.c; sourceTree = "<group>"; };
		04DC44D220E6211F00F6841B /* err.c */ = {isa = PBXFileReference; fileEncoding = 4; lastKnownFileType = sourcecode.c.c; path = err.c; sourceTree = "<group>"; };
		04DC44D320E6211F00F6841B /* netifapi.c */ = {isa = PBXFileReference; fileEncoding = 4; lastKnownFileType = sourcecode.c.c; path = netifapi.c; sourceTree = "<group>"; };
		04DC44D420E6211F00F6841B /* api_lib.c */ = {isa = PBXFileReference; fileEncoding = 4; lastKnownFileType = sourcecode.c.c; path = api_lib.c; sourceTree = "<group>"; };
		04DC44D520E6211F00F6841B /* api_msg.c */ = {isa = PBXFileReference; fileEncoding = 4; lastKnownFileType = sourcecode.c.c; path = api_msg.c; sourceTree = "<group>"; };
		04DC44D620E6211F00F6841B /* netbuf.c */ = {isa = PBXFileReference; fileEncoding = 4; lastKnownFileType = sourcecode.c.c; path = netbuf.c; sourceTree = "<group>"; };
		04DC44D820E6211F00F6841B /* memp.c */ = {isa = PBXFileReference; fileEncoding = 4; lastKnownFileType = sourcecode.c.c; path = memp.c; sourceTree = "<group>"; };
		04DC44D920E6211F00F6841B /* sys.c */ = {isa = PBXFileReference; fileEncoding = 4; lastKnownFileType = sourcecode.c.c; path = sys.c; sourceTree = "<group>"; };
		04DC44DA20E6211F00F6841B /* inet_chksum.c */ = {isa = PBXFileReference; fileEncoding = 4; lastKnownFileType = sourcecode.c.c; path = inet_chksum.c; sourceTree = "<group>"; };
		04DC44DB20E6211F00F6841B /* raw.c */ = {isa = PBXFileReference; fileEncoding = 4; lastKnownFileType = sourcecode.c.c; path = raw.c; sourceTree = "<group>"; };
		04DC44DC20E6211F00F6841B /* tcp_out.c */ = {isa = PBXFileReference; fileEncoding = 4; lastKnownFileType = sourcecode.c.c; path = tcp_out.c; sourceTree = "<group>"; };
		04DC44DD20E6211F00F6841B /* ip.c */ = {isa = PBXFileReference; fileEncoding = 4; lastKnownFileType = sourcecode.c.c; path = ip.c; sourceTree = "<group>"; };
		04DC44DE20E6211F00F6841B /* dns.c */ = {isa = PBXFileReference; fileEncoding = 4; lastKnownFileType = sourcecode.c.c; path = dns.c; sourceTree = "<group>"; };
		04DC44DF20E6211F00F6841B /* init.c */ = {isa = PBXFileReference; fileEncoding = 4; lastKnownFileType = sourcecode.c.c; path = init.c; sourceTree = "<group>"; };
		04DC44E020E6211F00F6841B /* mem.c */ = {isa = PBXFileReference; fileEncoding = 4; lastKnownFileType = sourcecode.c.c; path = mem.c; sourceTree = "<group>"; };
		04DC44E120E6211F00F6841B /* def.c */ = {isa = PBXFileReference; fileEncoding = 4; lastKnownFileType = sourcecode.c.c; path = def.c; sourceTree = "<group>"; };
		04DC44E220E6211F00F6841B /* udp.c */ = {isa = PBXFileReference; fileEncoding = 4; lastKnownFileType = sourcecode.c.c; path = udp.c; sourceTree = "<group>"; };
		04DC44E320E6211F00F6841B /* stats.c */ = {isa = PBXFileReference; fileEncoding = 4; lastKnownFileType = sourcecode.c.c; path = stats.c; sourceTree = "<group>"; };
		04DC44E420E6211F00F6841B /* tcp_in.c */ = {isa = PBXFileReference; fileEncoding = 4; lastKnownFileType = sourcecode.c.c; path = tcp_in.c; sourceTree = "<group>"; };
		04DC44E620E6211F00F6841B /* autoip.c */ = {isa = PBXFileReference; fileEncoding = 4; lastKnownFileType = sourcecode.c.c; path = autoip.c; sourceTree = "<group>"; };
		04DC44E720E6211F00F6841B /* dhcp.c */ = {isa = PBXFileReference; fileEncoding = 4; lastKnownFileType = sourcecode.c.c; path = dhcp.c; sourceTree = "<group>"; };
		04DC44E820E6211F00F6841B /* igmp.c */ = {isa = PBXFileReference; fileEncoding = 4; lastKnownFileType = sourcecode.c.c; path = igmp.c; sourceTree = "<group>"; };
		04DC44E920E6211F00F6841B /* etharp.c */ = {isa = PBXFileReference; fileEncoding = 4; lastKnownFileType = sourcecode.c.c; path = etharp.c; sourceTree = "<group>"; };
		04DC44EA20E6211F00F6841B /* icmp.c */ = {isa = PBXFileReference; fileEncoding = 4; lastKnownFileType = sourcecode.c.c; path = icmp.c; sourceTree = "<group>"; };
		04DC44EB20E6211F00F6841B /* ip4.c */ = {isa = PBXFileReference; fileEncoding = 4; lastKnownFileType = sourcecode.c.c; path = ip4.c; sourceTree = "<group>"; };
		04DC44EC20E6211F00F6841B /* ip4_frag.c */ = {isa = PBXFileReference; fileEncoding = 4; lastKnownFileType = sourcecode.c.c; path = ip4_frag.c; sourceTree = "<group>"; };
		04DC44ED20E6211F00F6841B /* ip4_addr.c */ = {isa = PBXFileReference; fileEncoding = 4; lastKnownFileType = sourcecode.c.c; path = ip4_addr.c; sourceTree = "<group>"; };
		04DC44EE20E6211F00F6841B /* netif.c */ = {isa = PBXFileReference; fileEncoding = 4; lastKnownFileType = sourcecode.c.c; path = netif.c; sourceTree = "<group>"; };
		04DC44EF20E6211F00F6841B /* tcp.c */ = {isa = PBXFileReference; fileEncoding = 4; lastKnownFileType = sourcecode.c.c; path = tcp.c; sourceTree = "<group>"; };
		04DC44F020E6211F00F6841B /* pbuf.c */ = {isa = PBXFileReference; fileEncoding = 4; lastKnownFileType = sourcecode.c.c; path = pbuf.c; sourceTree = "<group>"; };
		04DC44F120E6211F00F6841B /* timeouts.c */ = {isa = PBXFileReference; fileEncoding = 4; lastKnownFileType = sourcecode.c.c; path = timeouts.c; sourceTree = "<group>"; };
		04DC44F320E6211F00F6841B /* ip6.c */ = {isa = PBXFileReference; fileEncoding = 4; lastKnownFileType = sourcecode.c.c; path = ip6.c; sourceTree = "<group>"; };
		04DC44F420E6211F00F6841B /* icmp6.c */ = {isa = PBXFileReference; fileEncoding = 4; lastKnownFileType = sourcecode.c.c; path = icmp6.c; sourceTree = "<group>"; };
		04DC44F520E6211F00F6841B /* mld6.c */ = {isa = PBXFileReference; fileEncoding = 4; lastKnownFileType = sourcecode.c.c; path = mld6.c; sourceTree = "<group>"; };
		04DC44F620E6211F00F6841B /* dhcp6.c */ = {isa = PBXFileReference; fileEncoding = 4; lastKnownFileType = sourcecode.c.c; path = dhcp6.c; sourceTree = "<group>"; };
		04DC44F720E6211F00F6841B /* ethip6.c */ = {isa = PBXFileReference; fileEncoding = 4; lastKnownFileType = sourcecode.c.c; path = ethip6.c; sourceTree = "<group>"; };
		04DC44F820E6211F00F6841B /* nd6.c */ = {isa = PBXFileReference; fileEncoding = 4; lastKnownFileType = sourcecode.c.c; path = nd6.c; sourceTree = "<group>"; };
		04DC44F920E6211F00F6841B /* inet6.c */ = {isa = PBXFileReference; fileEncoding = 4; lastKnownFileType = sourcecode.c.c; path = inet6.c; sourceTree = "<group>"; };
		04DC44FA20E6211F00F6841B /* ip6_addr.c */ = {isa = PBXFileReference; fileEncoding = 4; lastKnownFileType = sourcecode.c.c; path = ip6_addr.c; sourceTree = "<group>"; };
		04DC44FB20E6211F00F6841B /* ip6_frag.c */ = {isa = PBXFileReference; fileEncoding = 4; lastKnownFileType = sourcecode.c.c; path = ip6_frag.c; sourceTree = "<group>"; };
		04DC44FD20E6211F00F6841B /* ethernet.c */ = {isa = PBXFileReference; fileEncoding = 4; lastKnownFileType = sourcecode.c.c; path = ethernet.c; sourceTree = "<group>"; };
		04DC44FE20E6211F00F6841B /* slipif.c */ = {isa = PBXFileReference; fileEncoding = 4; lastKnownFileType = sourcecode.c.c; path = slipif.c; sourceTree = "<group>"; };
		04DC450020E6211F00F6841B /* vj.c */ = {isa = PBXFileReference; fileEncoding = 4; lastKnownFileType = sourcecode.c.c; path = vj.c; sourceTree = "<group>"; };
		04DC450120E6211F00F6841B /* auth.c */ = {isa = PBXFileReference; fileEncoding = 4; lastKnownFileType = sourcecode.c.c; path = auth.c; sourceTree = "<group>"; };
		04DC450220E6211F00F6841B /* pppapi.c */ = {isa = PBXFileReference; fileEncoding = 4; lastKnownFileType = sourcecode.c.c; path = pppapi.c; sourceTree = "<group>"; };
		04DC450320E6211F00F6841B /* pppol2tp.c */ = {isa = PBXFileReference; fileEncoding = 4; lastKnownFileType = sourcecode.c.c; path = pppol2tp.c; sourceTree = "<group>"; };
		04DC450420E6211F00F6841B /* mppe.c */ = {isa = PBXFileReference; fileEncoding = 4; lastKnownFileType = sourcecode.c.c; path = mppe.c; sourceTree = "<group>"; };
		04DC450520E6211F00F6841B /* eui64.c */ = {isa = PBXFileReference; fileEncoding = 4; lastKnownFileType = sourcecode.c.c; path = eui64.c; sourceTree = "<group>"; };
		04DC450620E6211F00F6841B /* multilink.c */ = {isa = PBXFileReference; fileEncoding = 4; lastKnownFileType = sourcecode.c.c; path = multilink.c; sourceTree = "<group>"; };
		04DC450720E6211F00F6841B /* pppoe.c */ = {isa = PBXFileReference; fileEncoding = 4; lastKnownFileType = sourcecode.c.c; path = pppoe.c; sourceTree = "<group>"; };
		04DC450820E6211F00F6841B /* chap_ms.c */ = {isa = PBXFileReference; fileEncoding = 4; lastKnownFileType = sourcecode.c.c; path = chap_ms.c; sourceTree = "<group>"; };
		04DC450920E6211F00F6841B /* eap.c */ = {isa = PBXFileReference; fileEncoding = 4; lastKnownFileType = sourcecode.c.c; path = eap.c; sourceTree = "<group>"; };
		04DC450A20E6211F00F6841B /* pppcrypt.c */ = {isa = PBXFileReference; fileEncoding = 4; lastKnownFileType = sourcecode.c.c; path = pppcrypt.c; sourceTree = "<group>"; };
		04DC450B20E6211F00F6841B /* pppos.c */ = {isa = PBXFileReference; fileEncoding = 4; lastKnownFileType = sourcecode.c.c; path = pppos.c; sourceTree = "<group>"; };
		04DC450D20E6211F00F6841B /* md4.c */ = {isa = PBXFileReference; fileEncoding = 4; lastKnownFileType = sourcecode.c.c; path = md4.c; sourceTree = "<group>"; };
		04DC450E20E6211F00F6841B /* des.c */ = {isa = PBXFileReference; fileEncoding = 4; lastKnownFileType = sourcecode.c.c; path = des.c; sourceTree = "<group>"; };
		04DC450F20E6211F00F6841B /* sha1.c */ = {isa = PBXFileReference; fileEncoding = 4; lastKnownFileType = sourcecode.c.c; path = sha1.c; sourceTree = "<group>"; };
		04DC451020E6211F00F6841B /* README */ = {isa = PBXFileReference; fileEncoding = 4; lastKnownFileType = text; path = README; sourceTree = "<group>"; };
		04DC451120E6211F00F6841B /* md5.c */ = {isa = PBXFileReference; fileEncoding = 4; lastKnownFileType = sourcecode.c.c; path = md5.c; sourceTree = "<group>"; };
		04DC451220E6211F00F6841B /* arc4.c */ = {isa = PBXFileReference; fileEncoding = 4; lastKnownFileType = sourcecode.c.c; path = arc4.c; sourceTree = "<group>"; };
		04DC451320E6211F00F6841B /* lcp.c */ = {isa = PBXFileReference; fileEncoding = 4; lastKnownFileType = sourcecode.c.c; path = lcp.c; sourceTree = "<group>"; };
		04DC451420E6211F00F6841B /* ipv6cp.c */ = {isa = PBXFileReference; fileEncoding = 4; lastKnownFileType = sourcecode.c.c; path = ipv6cp.c; sourceTree = "<group>"; };
		04DC451520E6211F00F6841B /* ccp.c */ = {isa = PBXFileReference; fileEncoding = 4; lastKnownFileType = sourcecode.c.c; path = ccp.c; sourceTree = "<group>"; };
		04DC451620E6211F00F6841B /* utils.c */ = {isa = PBXFileReference; fileEncoding = 4; lastKnownFileType = sourcecode.c.c; path = utils.c; sourceTree = "<group>"; };
		04DC451720E6211F00F6841B /* chap-md5.c */ = {isa = PBXFileReference; fileEncoding = 4; lastKnownFileType = sourcecode.c.c; path = "chap-md5.c"; sourceTree = "<group>"; };
		04DC451820E6211F00F6841B /* chap-new.c */ = {isa = PBXFileReference; fileEncoding = 4; lastKnownFileType = sourcecode.c.c; path = "chap-new.c"; sourceTree = "<group>"; };
		04DC451920E6211F00F6841B /* upap.c */ = {isa = PBXFileReference; fileEncoding = 4; lastKnownFileType = sourcecode.c.c; path = upap.c; sourceTree = "<group>"; };
		04DC451A20E6211F00F6841B /* ecp.c */ = {isa = PBXFileReference; fileEncoding = 4; lastKnownFileType = sourcecode.c.c; path = ecp.c; sourceTree = "<group>"; };
		04DC451B20E6211F00F6841B /* magic.c */ = {isa = PBXFileReference; fileEncoding = 4; lastKnownFileType = sourcecode.c.c; path = magic.c; sourceTree = "<group>"; };
		04DC451C20E6211F00F6841B /* fsm.c */ = {isa = PBXFileReference; fileEncoding = 4; lastKnownFileType = sourcecode.c.c; path = fsm.c; sourceTree = "<group>"; };
		04DC451D20E6211F00F6841B /* demand.c */ = {isa = PBXFileReference; fileEncoding = 4; lastKnownFileType = sourcecode.c.c; path = demand.c; sourceTree = "<group>"; };
		04DC451E20E6211F00F6841B /* ppp.c */ = {isa = PBXFileReference; fileEncoding = 4; lastKnownFileType = sourcecode.c.c; path = ppp.c; sourceTree = "<group>"; };
		04DC451F20E6211F00F6841B /* ipcp.c */ = {isa = PBXFileReference; fileEncoding = 4; lastKnownFileType = sourcecode.c.c; path = ipcp.c; sourceTree = "<group>"; };
		04DC452020E6211F00F6841B /* PPPD_FOLLOWUP */ = {isa = PBXFileReference; fileEncoding = 4; lastKnownFileType = text; path = PPPD_FOLLOWUP; sourceTree = "<group>"; };
		04DC452120E6211F00F6841B /* ethernetif.c */ = {isa = PBXFileReference; fileEncoding = 4; lastKnownFileType = sourcecode.c.c; path = ethernetif.c; sourceTree = "<group>"; };
		04DC452220E6211F00F6841B /* lowpan6.c */ = {isa = PBXFileReference; fileEncoding = 4; lastKnownFileType = sourcecode.c.c; path = lowpan6.c; sourceTree = "<group>"; };
		04DC452320E6211F00F6841B /* FILES */ = {isa = PBXFileReference; fileEncoding = 4; lastKnownFileType = text; path = FILES; sourceTree = "<group>"; };
		04DC452B20E6211F00F6841B /* pbuf.h */ = {isa = PBXFileReference; fileEncoding = 4; lastKnownFileType = sourcecode.c.h; path = pbuf.h; sourceTree = "<group>"; };
		04DC452C20E6211F00F6841B /* tcp.h */ = {isa = PBXFileReference; fileEncoding = 4; lastKnownFileType = sourcecode.c.h; path = tcp.h; sourceTree = "<group>"; };
		04DC452D20E6211F00F6841B /* nd6.h */ = {isa = PBXFileReference; fileEncoding = 4; lastKnownFileType = sourcecode.c.h; path = nd6.h; sourceTree = "<group>"; };
		04DC452E20E6211F00F6841B /* err.h */ = {isa = PBXFileReference; fileEncoding = 4; lastKnownFileType = sourcecode.c.h; path = err.h; sourceTree = "<group>"; };
		04DC452F20E6211F00F6841B /* etharp.h */ = {isa = PBXFileReference; fileEncoding = 4; lastKnownFileType = sourcecode.c.h; path = etharp.h; sourceTree = "<group>"; };
		04DC453020E6211F00F6841B /* igmp.h */ = {isa = PBXFileReference; fileEncoding = 4; lastKnownFileType = sourcecode.c.h; path = igmp.h; sourceTree = "<group>"; };
		04DC453120E6211F00F6841B /* netif.h */ = {isa = PBXFileReference; fileEncoding = 4; lastKnownFileType = sourcecode.c.h; path = netif.h; sourceTree = "<group>"; };
		04DC453220E6211F00F6841B /* sio.h */ = {isa = PBXFileReference; fileEncoding = 4; lastKnownFileType = sourcecode.c.h; path = sio.h; sourceTree = "<group>"; };
		04DC453320E6211F00F6841B /* debug.h */ = {isa = PBXFileReference; fileEncoding = 4; lastKnownFileType = sourcecode.c.h; path = debug.h; sourceTree = "<group>"; };
		04DC453420E6211F00F6841B /* ethip6.h */ = {isa = PBXFileReference; fileEncoding = 4; lastKnownFileType = sourcecode.c.h; path = ethip6.h; sourceTree = "<group>"; };
		04DC453520E6211F00F6841B /* tcpip.h */ = {isa = PBXFileReference; fileEncoding = 4; lastKnownFileType = sourcecode.c.h; path = tcpip.h; sourceTree = "<group>"; };
		04DC453620E6211F00F6841B /* ip4.h */ = {isa = PBXFileReference; fileEncoding = 4; lastKnownFileType = sourcecode.c.h; path = ip4.h; sourceTree = "<group>"; };
		04DC453720E6211F00F6841B /* icmp.h */ = {isa = PBXFileReference; fileEncoding = 4; lastKnownFileType = sourcecode.c.h; path = icmp.h; sourceTree = "<group>"; };
		04DC453820E6211F00F6841B /* timeouts.h */ = {isa = PBXFileReference; fileEncoding = 4; lastKnownFileType = sourcecode.c.h; path = timeouts.h; sourceTree = "<group>"; };
		04DC453920E6211F00F6841B /* snmp.h */ = {isa = PBXFileReference; fileEncoding = 4; lastKnownFileType = sourcecode.c.h; path = snmp.h; sourceTree = "<group>"; };
		04DC453A20E6211F00F6841B /* ip4_frag.h */ = {isa = PBXFileReference; fileEncoding = 4; lastKnownFileType = sourcecode.c.h; path = ip4_frag.h; sourceTree = "<group>"; };
		04DC453B20E6211F00F6841B /* ip6_addr.h */ = {isa = PBXFileReference; fileEncoding = 4; lastKnownFileType = sourcecode.c.h; path = ip6_addr.h; sourceTree = "<group>"; };
		04DC453C20E6211F00F6841B /* netifapi.h */ = {isa = PBXFileReference; fileEncoding = 4; lastKnownFileType = sourcecode.c.h; path = netifapi.h; sourceTree = "<group>"; };
		04DC453D20E6211F00F6841B /* inet.h */ = {isa = PBXFileReference; fileEncoding = 4; lastKnownFileType = sourcecode.c.h; path = inet.h; sourceTree = "<group>"; };
		04DC453E20E6211F00F6841B /* ip6_frag.h */ = {isa = PBXFileReference; fileEncoding = 4; lastKnownFileType = sourcecode.c.h; path = ip6_frag.h; sourceTree = "<group>"; };
		04DC453F20E6211F00F6841B /* ip4_addr.h */ = {isa = PBXFileReference; fileEncoding = 4; lastKnownFileType = sourcecode.c.h; path = ip4_addr.h; sourceTree = "<group>"; };
		04DC454020E6211F00F6841B /* netbuf.h */ = {isa = PBXFileReference; fileEncoding = 4; lastKnownFileType = sourcecode.c.h; path = netbuf.h; sourceTree = "<group>"; };
		04DC454120E6211F00F6841B /* api.h */ = {isa = PBXFileReference; fileEncoding = 4; lastKnownFileType = sourcecode.c.h; path = api.h; sourceTree = "<group>"; };
		04DC454220E6211F00F6841B /* dhcp.h */ = {isa = PBXFileReference; fileEncoding = 4; lastKnownFileType = sourcecode.c.h; path = dhcp.h; sourceTree = "<group>"; };
		04DC454320E6211F00F6841B /* autoip.h */ = {isa = PBXFileReference; fileEncoding = 4; lastKnownFileType = sourcecode.c.h; path = autoip.h; sourceTree = "<group>"; };
		04DC454420E6211F00F6841B /* memp.h */ = {isa = PBXFileReference; fileEncoding = 4; lastKnownFileType = sourcecode.c.h; path = memp.h; sourceTree = "<group>"; };
		04DC454620E6211F00F6841B /* tcp.h */ = {isa = PBXFileReference; fileEncoding = 4; lastKnownFileType = sourcecode.c.h; path = tcp.h; sourceTree = "<group>"; };
		04DC454720E6211F00F6841B /* nd6.h */ = {isa = PBXFileReference; fileEncoding = 4; lastKnownFileType = sourcecode.c.h; path = nd6.h; sourceTree = "<group>"; };
		04DC454820E6211F00F6841B /* etharp.h */ = {isa = PBXFileReference; fileEncoding = 4; lastKnownFileType = sourcecode.c.h; path = etharp.h; sourceTree = "<group>"; };
		04DC454920E6211F00F6841B /* igmp.h */ = {isa = PBXFileReference; fileEncoding = 4; lastKnownFileType = sourcecode.c.h; path = igmp.h; sourceTree = "<group>"; };
		04DC454A20E6211F00F6841B /* ip4.h */ = {isa = PBXFileReference; fileEncoding = 4; lastKnownFileType = sourcecode.c.h; path = ip4.h; sourceTree = "<group>"; };
		04DC454B20E6211F00F6841B /* icmp.h */ = {isa = PBXFileReference; fileEncoding = 4; lastKnownFileType = sourcecode.c.h; path = icmp.h; sourceTree = "<group>"; };
		04DC454C20E6211F00F6841B /* ethernet.h */ = {isa = PBXFileReference; fileEncoding = 4; lastKnownFileType = sourcecode.c.h; path = ethernet.h; sourceTree = "<group>"; };
		04DC454D20E6211F00F6841B /* dhcp.h */ = {isa = PBXFileReference; fileEncoding = 4; lastKnownFileType = sourcecode.c.h; path = dhcp.h; sourceTree = "<group>"; };
		04DC454E20E6211F00F6841B /* autoip.h */ = {isa = PBXFileReference; fileEncoding = 4; lastKnownFileType = sourcecode.c.h; path = autoip.h; sourceTree = "<group>"; };
		04DC454F20E6211F00F6841B /* ip6.h */ = {isa = PBXFileReference; fileEncoding = 4; lastKnownFileType = sourcecode.c.h; path = ip6.h; sourceTree = "<group>"; };
		04DC455020E6211F00F6841B /* dns.h */ = {isa = PBXFileReference; fileEncoding = 4; lastKnownFileType = sourcecode.c.h; path = dns.h; sourceTree = "<group>"; };
		04DC455120E6211F00F6841B /* icmp6.h */ = {isa = PBXFileReference; fileEncoding = 4; lastKnownFileType = sourcecode.c.h; path = icmp6.h; sourceTree = "<group>"; };
		04DC455220E6211F00F6841B /* ip.h */ = {isa = PBXFileReference; fileEncoding = 4; lastKnownFileType = sourcecode.c.h; path = ip.h; sourceTree = "<group>"; };
		04DC455320E6211F00F6841B /* udp.h */ = {isa = PBXFileReference; fileEncoding = 4; lastKnownFileType = sourcecode.c.h; path = udp.h; sourceTree = "<group>"; };
		04DC455420E6211F00F6841B /* mld6.h */ = {isa = PBXFileReference; fileEncoding = 4; lastKnownFileType = sourcecode.c.h; path = mld6.h; sourceTree = "<group>"; };
		04DC455520E6211F00F6841B /* sockets.h */ = {isa = PBXFileReference; fileEncoding = 4; lastKnownFileType = sourcecode.c.h; path = sockets.h; sourceTree = "<group>"; };
		04DC455720E6211F00F6841B /* tcpip_priv.h */ = {isa = PBXFileReference; fileEncoding = 4; lastKnownFileType = sourcecode.c.h; path = tcpip_priv.h; sourceTree = "<group>"; };
		04DC455820E6211F00F6841B /* nd6_priv.h */ = {isa = PBXFileReference; fileEncoding = 4; lastKnownFileType = sourcecode.c.h; path = nd6_priv.h; sourceTree = "<group>"; };
		04DC455920E6211F00F6841B /* api_msg.h */ = {isa = PBXFileReference; fileEncoding = 4; lastKnownFileType = sourcecode.c.h; path = api_msg.h; sourceTree = "<group>"; };
		04DC455A20E6211F00F6841B /* tcp_priv.h */ = {isa = PBXFileReference; fileEncoding = 4; lastKnownFileType = sourcecode.c.h; path = tcp_priv.h; sourceTree = "<group>"; };
		04DC455B20E6211F00F6841B /* memp_priv.h */ = {isa = PBXFileReference; fileEncoding = 4; lastKnownFileType = sourcecode.c.h; path = memp_priv.h; sourceTree = "<group>"; };
		04DC455C20E6211F00F6841B /* memp_std.h */ = {isa = PBXFileReference; fileEncoding = 4; lastKnownFileType = sourcecode.c.h; path = memp_std.h; sourceTree = "<group>"; };
		04DC455D20E6211F00F6841B /* ip_addr.h */ = {isa = PBXFileReference; fileEncoding = 4; lastKnownFileType = sourcecode.c.h; path = ip_addr.h; sourceTree = "<group>"; };
		04DC455E20E6211F00F6841B /* opt.h */ = {isa = PBXFileReference; fileEncoding = 4; lastKnownFileType = sourcecode.c.h; path = opt.h; sourceTree = "<group>"; };
		04DC455F20E6211F00F6841B /* inet_chksum.h */ = {isa = PBXFileReference; fileEncoding = 4; lastKnownFileType = sourcecode.c.h; path = inet_chksum.h; sourceTree = "<group>"; };
		04DC456020E6211F00F6841B /* raw.h */ = {isa = PBXFileReference; fileEncoding = 4; lastKnownFileType = sourcecode.c.h; path = raw.h; sourceTree = "<group>"; };
		04DC456120E6211F00F6841B /* ip6.h */ = {isa = PBXFileReference; fileEncoding = 4; lastKnownFileType = sourcecode.c.h; path = ip6.h; sourceTree = "<group>"; };
		04DC456220E6211F00F6841B /* sys.h */ = {isa = PBXFileReference; fileEncoding = 4; lastKnownFileType = sourcecode.c.h; path = sys.h; sourceTree = "<group>"; };
		04DC456320E6211F00F6841B /* netdb.h */ = {isa = PBXFileReference; fileEncoding = 4; lastKnownFileType = sourcecode.c.h; path = netdb.h; sourceTree = "<group>"; };
		04DC456420E6211F00F6841B /* errno.h */ = {isa = PBXFileReference; fileEncoding = 4; lastKnownFileType = sourcecode.c.h; path = errno.h; sourceTree = "<group>"; };
		04DC456520E6211F00F6841B /* def.h */ = {isa = PBXFileReference; fileEncoding = 4; lastKnownFileType = sourcecode.c.h; path = def.h; sourceTree = "<group>"; };
		04DC456620E6211F00F6841B /* mem.h */ = {isa = PBXFileReference; fileEncoding = 4; lastKnownFileType = sourcecode.c.h; path = mem.h; sourceTree = "<group>"; };
		04DC456720E6211F00F6841B /* dns.h */ = {isa = PBXFileReference; fileEncoding = 4; lastKnownFileType = sourcecode.c.h; path = dns.h; sourceTree = "<group>"; };
		04DC456820E6211F00F6841B /* icmp6.h */ = {isa = PBXFileReference; fileEncoding = 4; lastKnownFileType = sourcecode.c.h; path = icmp6.h; sourceTree = "<group>"; };
		04DC456920E6211F00F6841B /* ip.h */ = {isa = PBXFileReference; fileEncoding = 4; lastKnownFileType = sourcecode.c.h; path = ip.h; sourceTree = "<group>"; };
		04DC456A20E6211F00F6841B /* init.h */ = {isa = PBXFileReference; fileEncoding = 4; lastKnownFileType = sourcecode.c.h; path = init.h; sourceTree = "<group>"; };
		04DC456B20E6211F00F6841B /* dhcp6.h */ = {isa = PBXFileReference; fileEncoding = 4; lastKnownFileType = sourcecode.c.h; path = dhcp6.h; sourceTree = "<group>"; };
		04DC456D20E6211F00F6841B /* sntp.h */ = {isa = PBXFileReference; fileEncoding = 4; lastKnownFileType = sourcecode.c.h; path = sntp.h; sourceTree = "<group>"; };
		04DC456E20E6211F00F6841B /* snmp_opts.h */ = {isa = PBXFileReference; fileEncoding = 4; lastKnownFileType = sourcecode.c.h; path = snmp_opts.h; sourceTree = "<group>"; };
		04DC456F20E6211F00F6841B /* httpd.h */ = {isa = PBXFileReference; fileEncoding = 4; lastKnownFileType = sourcecode.c.h; path = httpd.h; sourceTree = "<group>"; };
		04DC457020E6211F00F6841B /* snmp_scalar.h */ = {isa = PBXFileReference; fileEncoding = 4; lastKnownFileType = sourcecode.c.h; path = snmp_scalar.h; sourceTree = "<group>"; };
		04DC457120E6211F00F6841B /* snmpv3.h */ = {isa = PBXFileReference; fileEncoding = 4; lastKnownFileType = sourcecode.c.h; path = snmpv3.h; sourceTree = "<group>"; };
		04DC457220E6211F00F6841B /* netbiosns_opts.h */ = {isa = PBXFileReference; fileEncoding = 4; lastKnownFileType = sourcecode.c.h; path = netbiosns_opts.h; sourceTree = "<group>"; };
		04DC457320E6211F00F6841B /* tftp_opts.h */ = {isa = PBXFileReference; fileEncoding = 4; lastKnownFileType = sourcecode.c.h; path = tftp_opts.h; sourceTree = "<group>"; };
		04DC457420E6211F00F6841B /* snmp_mib2.h */ = {isa = PBXFileReference; fileEncoding = 4; lastKnownFileType = sourcecode.c.h; path = snmp_mib2.h; sourceTree = "<group>"; };
		04DC457520E6211F00F6841B /* mdns.h */ = {isa = PBXFileReference; fileEncoding = 4; lastKnownFileType = sourcecode.c.h; path = mdns.h; sourceTree = "<group>"; };
		04DC457620E6211F00F6841B /* netbiosns.h */ = {isa = PBXFileReference; fileEncoding = 4; lastKnownFileType = sourcecode.c.h; path = netbiosns.h; sourceTree = "<group>"; };
		04DC457720E6211F00F6841B /* snmp_core.h */ = {isa = PBXFileReference; fileEncoding = 4; lastKnownFileType = sourcecode.c.h; path = snmp_core.h; sourceTree = "<group>"; };
		04DC457820E6211F00F6841B /* tftp_server.h */ = {isa = PBXFileReference; fileEncoding = 4; lastKnownFileType = sourcecode.c.h; path = tftp_server.h; sourceTree = "<group>"; };
		04DC457920E6211F00F6841B /* snmp.h */ = {isa = PBXFileReference; fileEncoding = 4; lastKnownFileType = sourcecode.c.h; path = snmp.h; sourceTree = "<group>"; };
		04DC457A20E6211F00F6841B /* snmp_table.h */ = {isa = PBXFileReference; fileEncoding = 4; lastKnownFileType = sourcecode.c.h; path = snmp_table.h; sourceTree = "<group>"; };
		04DC457B20E6211F00F6841B /* httpd_opts.h */ = {isa = PBXFileReference; fileEncoding = 4; lastKnownFileType = sourcecode.c.h; path = httpd_opts.h; sourceTree = "<group>"; };
		04DC457C20E6211F00F6841B /* lwiperf.h */ = {isa = PBXFileReference; fileEncoding = 4; lastKnownFileType = sourcecode.c.h; path = lwiperf.h; sourceTree = "<group>"; };
		04DC457D20E6211F00F6841B /* mdns_priv.h */ = {isa = PBXFileReference; fileEncoding = 4; lastKnownFileType = sourcecode.c.h; path = mdns_priv.h; sourceTree = "<group>"; };
		04DC457E20E6211F00F6841B /* mqtt_opts.h */ = {isa = PBXFileReference; fileEncoding = 4; lastKnownFileType = sourcecode.c.h; path = mqtt_opts.h; sourceTree = "<group>"; };
		04DC457F20E6211F00F6841B /* mqtt.h */ = {isa = PBXFileReference; fileEncoding = 4; lastKnownFileType = sourcecode.c.h; path = mqtt.h; sourceTree = "<group>"; };
		04DC458020E6211F00F6841B /* snmp_threadsync.h */ = {isa = PBXFileReference; fileEncoding = 4; lastKnownFileType = sourcecode.c.h; path = snmp_threadsync.h; sourceTree = "<group>"; };
		04DC458120E6211F00F6841B /* FILES */ = {isa = PBXFileReference; fileEncoding = 4; lastKnownFileType = text; path = FILES; sourceTree = "<group>"; };
		04DC458220E6211F00F6841B /* mdns_opts.h */ = {isa = PBXFileReference; fileEncoding = 4; lastKnownFileType = sourcecode.c.h; path = mdns_opts.h; sourceTree = "<group>"; };
		04DC458320E6211F00F6841B /* fs.h */ = {isa = PBXFileReference; fileEncoding = 4; lastKnownFileType = sourcecode.c.h; path = fs.h; sourceTree = "<group>"; };
		04DC458420E6211F00F6841B /* sntp_opts.h */ = {isa = PBXFileReference; fileEncoding = 4; lastKnownFileType = sourcecode.c.h; path = sntp_opts.h; sourceTree = "<group>"; };
		04DC458520E6211F00F6841B /* stats.h */ = {isa = PBXFileReference; fileEncoding = 4; lastKnownFileType = sourcecode.c.h; path = stats.h; sourceTree = "<group>"; };
		04DC458620E6211F00F6841B /* udp.h */ = {isa = PBXFileReference; fileEncoding = 4; lastKnownFileType = sourcecode.c.h; path = udp.h; sourceTree = "<group>"; };
		04DC458720E6211F00F6841B /* arch.h */ = {isa = PBXFileReference; fileEncoding = 4; lastKnownFileType = sourcecode.c.h; path = arch.h; sourceTree = "<group>"; };
		04DC458820E6211F00F6841B /* mld6.h */ = {isa = PBXFileReference; fileEncoding = 4; lastKnownFileType = sourcecode.c.h; path = mld6.h; sourceTree = "<group>"; };
		04DC458A20E6211F00F6841B /* etharp.h */ = {isa = PBXFileReference; fileEncoding = 4; lastKnownFileType = sourcecode.c.h; path = etharp.h; sourceTree = "<group>"; };
		04DC458B20E6211F00F6841B /* lowpan6.h */ = {isa = PBXFileReference; fileEncoding = 4; lastKnownFileType = sourcecode.c.h; path = lowpan6.h; sourceTree = "<group>"; };
		04DC458C20E6211F00F6841B /* lowpan6_opts.h */ = {isa = PBXFileReference; fileEncoding = 4; lastKnownFileType = sourcecode.c.h; path = lowpan6_opts.h; sourceTree = "<group>"; };
		04DC458E20E6211F00F6841B /* ccp.h */ = {isa = PBXFileReference; fileEncoding = 4; lastKnownFileType = sourcecode.c.h; path = ccp.h; sourceTree = "<group>"; };
		04DC458F20E6211F00F6841B /* chap-md5.h */ = {isa = PBXFileReference; fileEncoding = 4; lastKnownFileType = sourcecode.c.h; path = "chap-md5.h"; sourceTree = "<group>"; };
		04DC459020E6211F00F6841B /* magic.h */ = {isa = PBXFileReference; fileEncoding = 4; lastKnownFileType = sourcecode.c.h; path = magic.h; sourceTree = "<group>"; };
		04DC459120E6211F00F6841B /* ecp.h */ = {isa = PBXFileReference; fileEncoding = 4; lastKnownFileType = sourcecode.c.h; path = ecp.h; sourceTree = "<group>"; };
		04DC459220E6211F00F6841B /* upap.h */ = {isa = PBXFileReference; fileEncoding = 4; lastKnownFileType = sourcecode.c.h; path = upap.h; sourceTree = "<group>"; };
		04DC459320E6211F00F6841B /* chap-new.h */ = {isa = PBXFileReference; fileEncoding = 4; lastKnownFileType = sourcecode.c.h; path = "chap-new.h"; sourceTree = "<group>"; };
		04DC459420E6211F00F6841B /* ipcp.h */ = {isa = PBXFileReference; fileEncoding = 4; lastKnownFileType = sourcecode.c.h; path = ipcp.h; sourceTree = "<group>"; };
		04DC459520E6211F00F6841B /* ppp.h */ = {isa = PBXFileReference; fileEncoding = 4; lastKnownFileType = sourcecode.c.h; path = ppp.h; sourceTree = "<group>"; };
		04DC459620E6211F00F6841B /* fsm.h */ = {isa = PBXFileReference; fileEncoding = 4; lastKnownFileType = sourcecode.c.h; path = fsm.h; sourceTree = "<group>"; };
		04DC459820E6211F00F6841B /* md5.h */ = {isa = PBXFileReference; fileEncoding = 4; lastKnownFileType = sourcecode.c.h; path = md5.h; sourceTree = "<group>"; };
		04DC459920E6211F00F6841B /* arc4.h */ = {isa = PBXFileReference; fileEncoding = 4; lastKnownFileType = sourcecode.c.h; path = arc4.h; sourceTree = "<group>"; };
		04DC459A20E6211F00F6841B /* md4.h */ = {isa = PBXFileReference; fileEncoding = 4; lastKnownFileType = sourcecode.c.h; path = md4.h; sourceTree = "<group>"; };
		04DC459B20E6211F00F6841B /* des.h */ = {isa = PBXFileReference; fileEncoding = 4; lastKnownFileType = sourcecode.c.h; path = des.h; sourceTree = "<group>"; };
		04DC459C20E6211F00F6841B /* sha1.h */ = {isa = PBXFileReference; fileEncoding = 4; lastKnownFileType = sourcecode.c.h; path = sha1.h; sourceTree = "<group>"; };
		04DC459D20E6211F00F6841B /* pppdebug.h */ = {isa = PBXFileReference; fileEncoding = 4; lastKnownFileType = sourcecode.c.h; path = pppdebug.h; sourceTree = "<group>"; };
		04DC459E20E6211F00F6841B /* ppp_impl.h */ = {isa = PBXFileReference; fileEncoding = 4; lastKnownFileType = sourcecode.c.h; path = ppp_impl.h; sourceTree = "<group>"; };
		04DC459F20E6211F00F6841B /* vj.h */ = {isa = PBXFileReference; fileEncoding = 4; lastKnownFileType = sourcecode.c.h; path = vj.h; sourceTree = "<group>"; };
		04DC45A020E6211F00F6841B /* ppp_opts.h */ = {isa = PBXFileReference; fileEncoding = 4; lastKnownFileType = sourcecode.c.h; path = ppp_opts.h; sourceTree = "<group>"; };
		04DC45A120E6211F00F6841B /* pppol2tp.h */ = {isa = PBXFileReference; fileEncoding = 4; lastKnownFileType = sourcecode.c.h; path = pppol2tp.h; sourceTree = "<group>"; };
		04DC45A220E6211F00F6841B /* pppapi.h */ = {isa = PBXFileReference; fileEncoding = 4; lastKnownFileType = sourcecode.c.h; path = pppapi.h; sourceTree = "<group>"; };
		04DC45A320E6211F00F6841B /* pppoe.h */ = {isa = PBXFileReference; fileEncoding = 4; lastKnownFileType = sourcecode.c.h; path = pppoe.h; sourceTree = "<group>"; };
		04DC45A420E6211F00F6841B /* eui64.h */ = {isa = PBXFileReference; fileEncoding = 4; lastKnownFileType = sourcecode.c.h; path = eui64.h; sourceTree = "<group>"; };
		04DC45A520E6211F00F6841B /* mppe.h */ = {isa = PBXFileReference; fileEncoding = 4; lastKnownFileType = sourcecode.c.h; path = mppe.h; sourceTree = "<group>"; };
		04DC45A620E6211F00F6841B /* ipv6cp.h */ = {isa = PBXFileReference; fileEncoding = 4; lastKnownFileType = sourcecode.c.h; path = ipv6cp.h; sourceTree = "<group>"; };
		04DC45A720E6211F00F6841B /* lcp.h */ = {isa = PBXFileReference; fileEncoding = 4; lastKnownFileType = sourcecode.c.h; path = lcp.h; sourceTree = "<group>"; };
		04DC45A820E6211F00F6841B /* pppos.h */ = {isa = PBXFileReference; fileEncoding = 4; lastKnownFileType = sourcecode.c.h; path = pppos.h; sourceTree = "<group>"; };
		04DC45A920E6211F00F6841B /* eap.h */ = {isa = PBXFileReference; fileEncoding = 4; lastKnownFileType = sourcecode.c.h; path = eap.h; sourceTree = "<group>"; };
		04DC45AA20E6211F00F6841B /* chap_ms.h */ = {isa = PBXFileReference; fileEncoding = 4; lastKnownFileType = sourcecode.c.h; path = chap_ms.h; sourceTree = "<group>"; };
		04DC45AB20E6211F00F6841B /* pppcrypt.h */ = {isa = PBXFileReference; fileEncoding = 4; lastKnownFileType = sourcecode.c.h; path = pppcrypt.h; sourceTree = "<group>"; };
		04DC45AC20E6211F00F6841B /* ethernet.h */ = {isa = PBXFileReference; fileEncoding = 4; lastKnownFileType = sourcecode.c.h; path = ethernet.h; sourceTree = "<group>"; };
		04DC45AD20E6211F00F6841B /* slipif.h */ = {isa = PBXFileReference; fileEncoding = 4; lastKnownFileType = sourcecode.c.h; path = slipif.h; sourceTree = "<group>"; };
		04DC460220E622C000F6841B /* sys_arch.h */ = {isa = PBXFileReference; fileEncoding = 4; lastKnownFileType = sourcecode.c.h; path = sys_arch.h; sourceTree = "<group>"; };
		04DC460320E622C000F6841B /* cc.h */ = {isa = PBXFileReference; fileEncoding = 4; lastKnownFileType = sourcecode.c.h; path = cc.h; sourceTree = "<group>"; };
		04DC460420E622C000F6841B /* perf.h */ = {isa = PBXFileReference; fileEncoding = 4; lastKnownFileType = sourcecode.c.h; path = perf.h; sourceTree = "<group>"; };
		04DC460520E622C000F6841B /* lwipopts.h */ = {isa = PBXFileReference; fileEncoding = 4; lastKnownFileType = sourcecode.c.h; path = lwipopts.h; sourceTree = "<group>"; };
		04EA46052064C9B7002578AF /* Ladder.app */ = {isa = PBXFileReference; explicitFileType = wrapper.application; includeInIndex = 0; path = Ladder.app; sourceTree = BUILT_PRODUCTS_DIR; };
		04EA46082064C9B7002578AF /* AppDelegate.swift */ = {isa = PBXFileReference; lastKnownFileType = sourcecode.swift; path = AppDelegate.swift; sourceTree = "<group>"; };
		04EA460A2064C9B7002578AF /* ViewController.swift */ = {isa = PBXFileReference; lastKnownFileType = sourcecode.swift; path = ViewController.swift; sourceTree = "<group>"; };
		04EA460F2064C9B7002578AF /* Assets.xcassets */ = {isa = PBXFileReference; lastKnownFileType = folder.assetcatalog; path = Assets.xcassets; sourceTree = "<group>"; };
		04EA46122064C9B7002578AF /* Base */ = {isa = PBXFileReference; lastKnownFileType = file.storyboard; name = Base; path = Base.lproj/LaunchScreen.storyboard; sourceTree = "<group>"; };
		04EA46142064C9B7002578AF /* Info.plist */ = {isa = PBXFileReference; lastKnownFileType = text.plist.xml; path = Info.plist; sourceTree = "<group>"; };
		04EA462B2064CFA9002578AF /* Ladder.entitlements */ = {isa = PBXFileReference; lastKnownFileType = text.plist.entitlements; path = Ladder.entitlements; sourceTree = "<group>"; };
		04EA46332064D10E002578AF /* PacketTunnel.appex */ = {isa = PBXFileReference; explicitFileType = "wrapper.app-extension"; includeInIndex = 0; path = PacketTunnel.appex; sourceTree = BUILT_PRODUCTS_DIR; };
		04EA46352064D10E002578AF /* PacketTunnelProvider.swift */ = {isa = PBXFileReference; lastKnownFileType = sourcecode.swift; path = PacketTunnelProvider.swift; sourceTree = "<group>"; };
		04EA46372064D10E002578AF /* Info.plist */ = {isa = PBXFileReference; lastKnownFileType = text.plist.xml; path = Info.plist; sourceTree = "<group>"; };
		04EA46382064D10E002578AF /* PacketTunnel.entitlements */ = {isa = PBXFileReference; lastKnownFileType = text.plist.entitlements; path = PacketTunnel.entitlements; sourceTree = "<group>"; };
		04F368CB2074C31A00CA8B34 /* zh-Hans */ = {isa = PBXFileReference; lastKnownFileType = file.storyboard; name = "zh-Hans"; path = "zh-Hans.lproj/LaunchScreen.storyboard"; sourceTree = "<group>"; };
/* End PBXFileReference section */

/* Begin PBXFrameworksBuildPhase section */
		04EA46022064C9B7002578AF /* Frameworks */ = {
			isa = PBXFrameworksBuildPhase;
			buildActionMask = 2147483647;
			files = (
				044E345220AF46CF005B0CB5 /* Alamofire.framework in Frameworks */,
				0495EA552073D49000320501 /* Eureka.framework in Frameworks */,
				0495EA572073D49C00320501 /* KeychainAccess.framework in Frameworks */,
				04D1D0BE2065513200F5C4B9 /* NetworkExtension.framework in Frameworks */,
			);
			runOnlyForDeploymentPostprocessing = 0;
		};
		04EA46302064D10E002578AF /* Frameworks */ = {
			isa = PBXFrameworksBuildPhase;
			buildActionMask = 2147483647;
			files = (
				04B96FE920AFDA9900D9E1F2 /* Alamofire.framework in Frameworks */,
				0495EA5A2073D77500320501 /* NEKit.framework in Frameworks */,
				04D1D0BF2065513D00F5C4B9 /* NetworkExtension.framework in Frameworks */,
			);
			runOnlyForDeploymentPostprocessing = 0;
		};
/* End PBXFrameworksBuildPhase section */

/* Begin PBXGroup section */
		046CFB2420E6238300BC2769 /* src */ = {
			isa = PBXGroup;
			children = (
				046CFB2520E6238300BC2769 /* darwin */,
				04DC460020E622C000F6841B /* include */,
			);
			path = src;
			sourceTree = "<group>";
		};
		046CFB2520E6238300BC2769 /* darwin */ = {
			isa = PBXGroup;
			children = (
				046CFB2620E6238300BC2769 /* src */,
			);
			path = darwin;
			sourceTree = "<group>";
		};
		046CFB2620E6238300BC2769 /* src */ = {
			isa = PBXGroup;
			children = (
				046CFB2720E6238300BC2769 /* sys_arch.c */,
			);
			path = src;
			sourceTree = "<group>";
		};
		046CFBC420E6245600BC2769 /* posix */ = {
			isa = PBXGroup;
			children = (
				046CFBC520E6245600BC2769 /* sys */,
				046CFBC720E6245600BC2769 /* netdb.h */,
				046CFBC820E6245600BC2769 /* errno.h */,
			);
			path = posix;
			sourceTree = "<group>";
		};
		046CFBC520E6245600BC2769 /* sys */ = {
			isa = PBXGroup;
			children = (
				046CFBC620E6245600BC2769 /* socket.h */,
			);
			path = sys;
			sourceTree = "<group>";
		};
		04DC44CD20E6210A00F6841B /* lwip */ = {
			isa = PBXGroup;
			children = (
				04DC44D720E6211F00F6841B /* core */,
				04DC44CE20E6211F00F6841B /* api */,
				04DC44FC20E6211F00F6841B /* netif */,
				04DC452420E6211F00F6841B /* include */,
			);
			name = lwip;
			sourceTree = "<group>";
		};
		04DC44CE20E6211F00F6841B /* api */ = {
			isa = PBXGroup;
			children = (
				04DC44CF20E6211F00F6841B /* sockets.c */,
				04DC44D020E6211F00F6841B /* netdb.c */,
				04DC44D120E6211F00F6841B /* tcpip.c */,
				04DC44D220E6211F00F6841B /* err.c */,
				04DC44D320E6211F00F6841B /* netifapi.c */,
				04DC44D420E6211F00F6841B /* api_lib.c */,
				04DC44D520E6211F00F6841B /* api_msg.c */,
				04DC44D620E6211F00F6841B /* netbuf.c */,
			);
			name = api;
			path = lwip/src/api;
			sourceTree = "<group>";
		};
		04DC44D720E6211F00F6841B /* core */ = {
			isa = PBXGroup;
			children = (
				04DC44D820E6211F00F6841B /* memp.c */,
				04DC44D920E6211F00F6841B /* sys.c */,
				04DC44DA20E6211F00F6841B /* inet_chksum.c */,
				04DC44DB20E6211F00F6841B /* raw.c */,
				04DC44DC20E6211F00F6841B /* tcp_out.c */,
				04DC44DD20E6211F00F6841B /* ip.c */,
				04DC44DE20E6211F00F6841B /* dns.c */,
				04DC44DF20E6211F00F6841B /* init.c */,
				04DC44E020E6211F00F6841B /* mem.c */,
				04DC44E120E6211F00F6841B /* def.c */,
				04DC44E220E6211F00F6841B /* udp.c */,
				04DC44E320E6211F00F6841B /* stats.c */,
				04DC44E420E6211F00F6841B /* tcp_in.c */,
				04DC44E520E6211F00F6841B /* ipv4 */,
				04DC44EE20E6211F00F6841B /* netif.c */,
				04DC44EF20E6211F00F6841B /* tcp.c */,
				04DC44F020E6211F00F6841B /* pbuf.c */,
				04DC44F120E6211F00F6841B /* timeouts.c */,
				04DC44F220E6211F00F6841B /* ipv6 */,
			);
			name = core;
			path = lwip/src/core;
			sourceTree = "<group>";
		};
		04DC44E520E6211F00F6841B /* ipv4 */ = {
			isa = PBXGroup;
			children = (
				04DC44E620E6211F00F6841B /* autoip.c */,
				04DC44E720E6211F00F6841B /* dhcp.c */,
				04DC44E820E6211F00F6841B /* igmp.c */,
				04DC44E920E6211F00F6841B /* etharp.c */,
				04DC44EA20E6211F00F6841B /* icmp.c */,
				04DC44EB20E6211F00F6841B /* ip4.c */,
				04DC44EC20E6211F00F6841B /* ip4_frag.c */,
				04DC44ED20E6211F00F6841B /* ip4_addr.c */,
			);
			path = ipv4;
			sourceTree = "<group>";
		};
		04DC44F220E6211F00F6841B /* ipv6 */ = {
			isa = PBXGroup;
			children = (
				04DC44F320E6211F00F6841B /* ip6.c */,
				04DC44F420E6211F00F6841B /* icmp6.c */,
				04DC44F520E6211F00F6841B /* mld6.c */,
				04DC44F620E6211F00F6841B /* dhcp6.c */,
				04DC44F720E6211F00F6841B /* ethip6.c */,
				04DC44F820E6211F00F6841B /* nd6.c */,
				04DC44F920E6211F00F6841B /* inet6.c */,
				04DC44FA20E6211F00F6841B /* ip6_addr.c */,
				04DC44FB20E6211F00F6841B /* ip6_frag.c */,
			);
			path = ipv6;
			sourceTree = "<group>";
		};
		04DC44FC20E6211F00F6841B /* netif */ = {
			isa = PBXGroup;
			children = (
				04DC44FD20E6211F00F6841B /* ethernet.c */,
				04DC44FE20E6211F00F6841B /* slipif.c */,
				04DC44FF20E6211F00F6841B /* ppp */,
				04DC452120E6211F00F6841B /* ethernetif.c */,
				04DC452220E6211F00F6841B /* lowpan6.c */,
				04DC452320E6211F00F6841B /* FILES */,
			);
			name = netif;
			path = lwip/src/netif;
			sourceTree = "<group>";
		};
		04DC44FF20E6211F00F6841B /* ppp */ = {
			isa = PBXGroup;
			children = (
				04DC450020E6211F00F6841B /* vj.c */,
				04DC450120E6211F00F6841B /* auth.c */,
				04DC450220E6211F00F6841B /* pppapi.c */,
				04DC450320E6211F00F6841B /* pppol2tp.c */,
				04DC450420E6211F00F6841B /* mppe.c */,
				04DC450520E6211F00F6841B /* eui64.c */,
				04DC450620E6211F00F6841B /* multilink.c */,
				04DC450720E6211F00F6841B /* pppoe.c */,
				04DC450820E6211F00F6841B /* chap_ms.c */,
				04DC450920E6211F00F6841B /* eap.c */,
				04DC450A20E6211F00F6841B /* pppcrypt.c */,
				04DC450B20E6211F00F6841B /* pppos.c */,
				04DC450C20E6211F00F6841B /* polarssl */,
				04DC451320E6211F00F6841B /* lcp.c */,
				04DC451420E6211F00F6841B /* ipv6cp.c */,
				04DC451520E6211F00F6841B /* ccp.c */,
				04DC451620E6211F00F6841B /* utils.c */,
				04DC451720E6211F00F6841B /* chap-md5.c */,
				04DC451820E6211F00F6841B /* chap-new.c */,
				04DC451920E6211F00F6841B /* upap.c */,
				04DC451A20E6211F00F6841B /* ecp.c */,
				04DC451B20E6211F00F6841B /* magic.c */,
				04DC451C20E6211F00F6841B /* fsm.c */,
				04DC451D20E6211F00F6841B /* demand.c */,
				04DC451E20E6211F00F6841B /* ppp.c */,
				04DC451F20E6211F00F6841B /* ipcp.c */,
				04DC452020E6211F00F6841B /* PPPD_FOLLOWUP */,
			);
			path = ppp;
			sourceTree = "<group>";
		};
		04DC450C20E6211F00F6841B /* polarssl */ = {
			isa = PBXGroup;
			children = (
				04DC450D20E6211F00F6841B /* md4.c */,
				04DC450E20E6211F00F6841B /* des.c */,
				04DC450F20E6211F00F6841B /* sha1.c */,
				04DC451020E6211F00F6841B /* README */,
				04DC451120E6211F00F6841B /* md5.c */,
				04DC451220E6211F00F6841B /* arc4.c */,
			);
			path = polarssl;
			sourceTree = "<group>";
		};
		04DC452420E6211F00F6841B /* include */ = {
			isa = PBXGroup;
			children = (
				04DC452A20E6211F00F6841B /* lwip */,
				04DC458920E6211F00F6841B /* netif */,
				046CFBC420E6245600BC2769 /* posix */,
			);
			name = include;
			path = lwip/src/include;
			sourceTree = "<group>";
		};
		04DC452A20E6211F00F6841B /* lwip */ = {
			isa = PBXGroup;
			children = (
				04DC452B20E6211F00F6841B /* pbuf.h */,
				04DC452C20E6211F00F6841B /* tcp.h */,
				04DC452D20E6211F00F6841B /* nd6.h */,
				04DC452E20E6211F00F6841B /* err.h */,
				04DC452F20E6211F00F6841B /* etharp.h */,
				04DC453020E6211F00F6841B /* igmp.h */,
				04DC453120E6211F00F6841B /* netif.h */,
				04DC453220E6211F00F6841B /* sio.h */,
				04DC453320E6211F00F6841B /* debug.h */,
				04DC453420E6211F00F6841B /* ethip6.h */,
				04DC453520E6211F00F6841B /* tcpip.h */,
				04DC453620E6211F00F6841B /* ip4.h */,
				04DC453720E6211F00F6841B /* icmp.h */,
				04DC453820E6211F00F6841B /* timeouts.h */,
				04DC453920E6211F00F6841B /* snmp.h */,
				04DC453A20E6211F00F6841B /* ip4_frag.h */,
				04DC453B20E6211F00F6841B /* ip6_addr.h */,
				04DC453C20E6211F00F6841B /* netifapi.h */,
				04DC453D20E6211F00F6841B /* inet.h */,
				04DC453E20E6211F00F6841B /* ip6_frag.h */,
				04DC453F20E6211F00F6841B /* ip4_addr.h */,
				04DC454020E6211F00F6841B /* netbuf.h */,
				04DC454120E6211F00F6841B /* api.h */,
				04DC454220E6211F00F6841B /* dhcp.h */,
				04DC454320E6211F00F6841B /* autoip.h */,
				04DC454420E6211F00F6841B /* memp.h */,
				04DC454520E6211F00F6841B /* prot */,
				04DC455520E6211F00F6841B /* sockets.h */,
				04DC455620E6211F00F6841B /* priv */,
				04DC455D20E6211F00F6841B /* ip_addr.h */,
				04DC455E20E6211F00F6841B /* opt.h */,
				04DC455F20E6211F00F6841B /* inet_chksum.h */,
				04DC456020E6211F00F6841B /* raw.h */,
				04DC456120E6211F00F6841B /* ip6.h */,
				04DC456220E6211F00F6841B /* sys.h */,
				04DC456320E6211F00F6841B /* netdb.h */,
				04DC456420E6211F00F6841B /* errno.h */,
				04DC456520E6211F00F6841B /* def.h */,
				04DC456620E6211F00F6841B /* mem.h */,
				04DC456720E6211F00F6841B /* dns.h */,
				04DC456820E6211F00F6841B /* icmp6.h */,
				04DC456920E6211F00F6841B /* ip.h */,
				04DC456A20E6211F00F6841B /* init.h */,
				04DC456B20E6211F00F6841B /* dhcp6.h */,
				04DC456C20E6211F00F6841B /* apps */,
				04DC458520E6211F00F6841B /* stats.h */,
				04DC458620E6211F00F6841B /* udp.h */,
				04DC458720E6211F00F6841B /* arch.h */,
				04DC458820E6211F00F6841B /* mld6.h */,
			);
			path = lwip;
			sourceTree = "<group>";
		};
		04DC454520E6211F00F6841B /* prot */ = {
			isa = PBXGroup;
			children = (
				04DC454620E6211F00F6841B /* tcp.h */,
				04DC454720E6211F00F6841B /* nd6.h */,
				04DC454820E6211F00F6841B /* etharp.h */,
				04DC454920E6211F00F6841B /* igmp.h */,
				04DC454A20E6211F00F6841B /* ip4.h */,
				04DC454B20E6211F00F6841B /* icmp.h */,
				04DC454C20E6211F00F6841B /* ethernet.h */,
				04DC454D20E6211F00F6841B /* dhcp.h */,
				04DC454E20E6211F00F6841B /* autoip.h */,
				04DC454F20E6211F00F6841B /* ip6.h */,
				04DC455020E6211F00F6841B /* dns.h */,
				04DC455120E6211F00F6841B /* icmp6.h */,
				04DC455220E6211F00F6841B /* ip.h */,
				04DC455320E6211F00F6841B /* udp.h */,
				04DC455420E6211F00F6841B /* mld6.h */,
			);
			path = prot;
			sourceTree = "<group>";
		};
		04DC455620E6211F00F6841B /* priv */ = {
			isa = PBXGroup;
			children = (
				04DC455720E6211F00F6841B /* tcpip_priv.h */,
				04DC455820E6211F00F6841B /* nd6_priv.h */,
				04DC455920E6211F00F6841B /* api_msg.h */,
				04DC455A20E6211F00F6841B /* tcp_priv.h */,
				04DC455B20E6211F00F6841B /* memp_priv.h */,
				04DC455C20E6211F00F6841B /* memp_std.h */,
			);
			path = priv;
			sourceTree = "<group>";
		};
		04DC456C20E6211F00F6841B /* apps */ = {
			isa = PBXGroup;
			children = (
				04DC456D20E6211F00F6841B /* sntp.h */,
				04DC456E20E6211F00F6841B /* snmp_opts.h */,
				04DC456F20E6211F00F6841B /* httpd.h */,
				04DC457020E6211F00F6841B /* snmp_scalar.h */,
				04DC457120E6211F00F6841B /* snmpv3.h */,
				04DC457220E6211F00F6841B /* netbiosns_opts.h */,
				04DC457320E6211F00F6841B /* tftp_opts.h */,
				04DC457420E6211F00F6841B /* snmp_mib2.h */,
				04DC457520E6211F00F6841B /* mdns.h */,
				04DC457620E6211F00F6841B /* netbiosns.h */,
				04DC457720E6211F00F6841B /* snmp_core.h */,
				04DC457820E6211F00F6841B /* tftp_server.h */,
				04DC457920E6211F00F6841B /* snmp.h */,
				04DC457A20E6211F00F6841B /* snmp_table.h */,
				04DC457B20E6211F00F6841B /* httpd_opts.h */,
				04DC457C20E6211F00F6841B /* lwiperf.h */,
				04DC457D20E6211F00F6841B /* mdns_priv.h */,
				04DC457E20E6211F00F6841B /* mqtt_opts.h */,
				04DC457F20E6211F00F6841B /* mqtt.h */,
				04DC458020E6211F00F6841B /* snmp_threadsync.h */,
				04DC458120E6211F00F6841B /* FILES */,
				04DC458220E6211F00F6841B /* mdns_opts.h */,
				04DC458320E6211F00F6841B /* fs.h */,
				04DC458420E6211F00F6841B /* sntp_opts.h */,
			);
			path = apps;
			sourceTree = "<group>";
		};
		04DC458920E6211F00F6841B /* netif */ = {
			isa = PBXGroup;
			children = (
				04DC458A20E6211F00F6841B /* etharp.h */,
				04DC458B20E6211F00F6841B /* lowpan6.h */,
				04DC458C20E6211F00F6841B /* lowpan6_opts.h */,
				04DC458D20E6211F00F6841B /* ppp */,
				04DC45AC20E6211F00F6841B /* ethernet.h */,
				04DC45AD20E6211F00F6841B /* slipif.h */,
			);
			path = netif;
			sourceTree = "<group>";
		};
		04DC458D20E6211F00F6841B /* ppp */ = {
			isa = PBXGroup;
			children = (
				04DC458E20E6211F00F6841B /* ccp.h */,
				04DC458F20E6211F00F6841B /* chap-md5.h */,
				04DC459020E6211F00F6841B /* magic.h */,
				04DC459120E6211F00F6841B /* ecp.h */,
				04DC459220E6211F00F6841B /* upap.h */,
				04DC459320E6211F00F6841B /* chap-new.h */,
				04DC459420E6211F00F6841B /* ipcp.h */,
				04DC459520E6211F00F6841B /* ppp.h */,
				04DC459620E6211F00F6841B /* fsm.h */,
				04DC459720E6211F00F6841B /* polarssl */,
				04DC459D20E6211F00F6841B /* pppdebug.h */,
				04DC459E20E6211F00F6841B /* ppp_impl.h */,
				04DC459F20E6211F00F6841B /* vj.h */,
				04DC45A020E6211F00F6841B /* ppp_opts.h */,
				04DC45A120E6211F00F6841B /* pppol2tp.h */,
				04DC45A220E6211F00F6841B /* pppapi.h */,
				04DC45A320E6211F00F6841B /* pppoe.h */,
				04DC45A420E6211F00F6841B /* eui64.h */,
				04DC45A520E6211F00F6841B /* mppe.h */,
				04DC45A620E6211F00F6841B /* ipv6cp.h */,
				04DC45A720E6211F00F6841B /* lcp.h */,
				04DC45A820E6211F00F6841B /* pppos.h */,
				04DC45A920E6211F00F6841B /* eap.h */,
				04DC45AA20E6211F00F6841B /* chap_ms.h */,
				04DC45AB20E6211F00F6841B /* pppcrypt.h */,
			);
			path = ppp;
			sourceTree = "<group>";
		};
		04DC459720E6211F00F6841B /* polarssl */ = {
			isa = PBXGroup;
			children = (
				04DC459820E6211F00F6841B /* md5.h */,
				04DC459920E6211F00F6841B /* arc4.h */,
				04DC459A20E6211F00F6841B /* md4.h */,
				04DC459B20E6211F00F6841B /* des.h */,
				04DC459C20E6211F00F6841B /* sha1.h */,
			);
			path = polarssl;
			sourceTree = "<group>";
		};
		04DC460020E622C000F6841B /* include */ = {
			isa = PBXGroup;
			children = (
				04DC460120E622C000F6841B /* arch */,
				04DC460520E622C000F6841B /* lwipopts.h */,
			);
			path = include;
			sourceTree = "<group>";
		};
		04DC460120E622C000F6841B /* arch */ = {
			isa = PBXGroup;
			children = (
				04DC460220E622C000F6841B /* sys_arch.h */,
				04DC460320E622C000F6841B /* cc.h */,
				04DC460420E622C000F6841B /* perf.h */,
			);
			path = arch;
			sourceTree = "<group>";
		};
		04EA45FC2064C9B7002578AF = {
			isa = PBXGroup;
			children = (
				04EA46072064C9B7002578AF /* Ladder */,
				04EA46342064D10E002578AF /* PacketTunnel */,
				04EA462C2064CFE2002578AF /* Frameworks */,
				04EA46062064C9B7002578AF /* Products */,
			);
			sourceTree = "<group>";
		};
		04EA46062064C9B7002578AF /* Products */ = {
			isa = PBXGroup;
			children = (
				04EA46052064C9B7002578AF /* Ladder.app */,
				04EA46332064D10E002578AF /* PacketTunnel.appex */,
			);
			name = Products;
			sourceTree = "<group>";
		};
		04EA46072064C9B7002578AF /* Ladder */ = {
			isa = PBXGroup;
			children = (
				04EA46082064C9B7002578AF /* AppDelegate.swift */,
				04EA460A2064C9B7002578AF /* ViewController.swift */,
				04EA46142064C9B7002578AF /* Info.plist */,
				04EA462B2064CFA9002578AF /* Ladder.entitlements */,
				0485CBE52073838C003F596A /* InfoPlist.strings */,
				0485CBE9207383E6003F596A /* Localizable.strings */,
				04EA460F2064C9B7002578AF /* Assets.xcassets */,
				04EA46112064C9B7002578AF /* LaunchScreen.storyboard */,
			);
			path = Ladder;
			sourceTree = "<group>";
		};
		04EA462C2064CFE2002578AF /* Frameworks */ = {
			isa = PBXGroup;
			children = (
				044E345120AF46CF005B0CB5 /* Alamofire.framework */,
				0495EA542073D49000320501 /* Eureka.framework */,
				0495EA562073D49B00320501 /* KeychainAccess.framework */,
				0495EA592073D77500320501 /* NEKit.framework */,
				04D1D0BD2065513200F5C4B9 /* NetworkExtension.framework */,
			);
			name = Frameworks;
			sourceTree = "<group>";
		};
		04EA46342064D10E002578AF /* PacketTunnel */ = {
			isa = PBXGroup;
			children = (
				046CFB2420E6238300BC2769 /* src */,
				04DC44CD20E6210A00F6841B /* lwip */,
				04EA46352064D10E002578AF /* PacketTunnelProvider.swift */,
				0445F9AE20676962003993A3 /* Shadowsocks.swift */,
				04AD1AA320E618C100EC40F4 /* BridgingHeader.h */,
				04EA46372064D10E002578AF /* Info.plist */,
				04EA46382064D10E002578AF /* PacketTunnel.entitlements */,
			);
			path = PacketTunnel;
			sourceTree = "<group>";
		};
/* End PBXGroup section */

/* Begin PBXNativeTarget section */
		04EA46042064C9B7002578AF /* Ladder */ = {
			isa = PBXNativeTarget;
			buildConfigurationList = 04EA46172064C9B7002578AF /* Build configuration list for PBXNativeTarget "Ladder" */;
			buildPhases = (
				04EA46012064C9B7002578AF /* Sources */,
				04EA46022064C9B7002578AF /* Frameworks */,
				04EA46032064C9B7002578AF /* Resources */,
				04EA462A2064CC41002578AF /* Embed App Extensions */,
				0495EA582073D4C300320501 /* Run Script */,
			);
			buildRules = (
			);
			dependencies = (
				04EA463A2064D10E002578AF /* PBXTargetDependency */,
			);
			name = Ladder;
			productName = Ladder;
			productReference = 04EA46052064C9B7002578AF /* Ladder.app */;
			productType = "com.apple.product-type.application";
		};
		04EA46322064D10E002578AF /* PacketTunnel */ = {
			isa = PBXNativeTarget;
			buildConfigurationList = 04EA463C2064D10E002578AF /* Build configuration list for PBXNativeTarget "PacketTunnel" */;
			buildPhases = (
				04EA462F2064D10E002578AF /* Sources */,
				04EA46302064D10E002578AF /* Frameworks */,
				04EA46312064D10E002578AF /* Resources */,
			);
			buildRules = (
			);
			dependencies = (
			);
			name = PacketTunnel;
			productName = PacketTunnel;
			productReference = 04EA46332064D10E002578AF /* PacketTunnel.appex */;
			productType = "com.apple.product-type.app-extension";
		};
/* End PBXNativeTarget section */

/* Begin PBXProject section */
		04EA45FD2064C9B7002578AF /* Project object */ = {
			isa = PBXProject;
			attributes = {
				LastSwiftUpdateCheck = 0920;
				LastUpgradeCheck = 0930;
				ORGANIZATIONNAME = "Aofei Sheng";
				TargetAttributes = {
					04EA46042064C9B7002578AF = {
						CreatedOnToolsVersion = 9.2;
						ProvisioningStyle = Automatic;
						SystemCapabilities = {
							com.apple.ApplicationGroups.iOS = {
								enabled = 0;
							};
							com.apple.NetworkExtensions.iOS = {
								enabled = 1;
							};
							com.apple.VPNLite = {
								enabled = 0;
							};
						};
					};
					04EA46322064D10E002578AF = {
						CreatedOnToolsVersion = 9.2;
						LastSwiftMigration = 0940;
						ProvisioningStyle = Automatic;
						SystemCapabilities = {
							com.apple.ApplicationGroups.iOS = {
								enabled = 0;
							};
							com.apple.NetworkExtensions.iOS = {
								enabled = 1;
							};
							com.apple.VPNLite = {
								enabled = 0;
							};
						};
					};
				};
			};
			buildConfigurationList = 04EA46002064C9B7002578AF /* Build configuration list for PBXProject "Ladder" */;
			compatibilityVersion = "Xcode 8.0";
			developmentRegion = en;
			hasScannedForEncodings = 0;
			knownRegions = (
				en,
				Base,
				"zh-Hans",
			);
			mainGroup = 04EA45FC2064C9B7002578AF;
			productRefGroup = 04EA46062064C9B7002578AF /* Products */;
			projectDirPath = "";
			projectRoot = "";
			targets = (
				04EA46042064C9B7002578AF /* Ladder */,
				04EA46322064D10E002578AF /* PacketTunnel */,
			);
		};
/* End PBXProject section */

/* Begin PBXResourcesBuildPhase section */
		04EA46032064C9B7002578AF /* Resources */ = {
			isa = PBXResourcesBuildPhase;
			buildActionMask = 2147483647;
			files = (
				04EA46102064C9B7002578AF /* Assets.xcassets in Resources */,
				0485CBEB207383E6003F596A /* Localizable.strings in Resources */,
				0485CBE72073838C003F596A /* InfoPlist.strings in Resources */,
				04EA46132064C9B7002578AF /* LaunchScreen.storyboard in Resources */,
			);
			runOnlyForDeploymentPostprocessing = 0;
		};
		04EA46312064D10E002578AF /* Resources */ = {
			isa = PBXResourcesBuildPhase;
			buildActionMask = 2147483647;
			files = (
				04DC45FD20E6211F00F6841B /* FILES in Resources */,
				04DC45FC20E6211F00F6841B /* FILES in Resources */,
				04DC45F920E6211F00F6841B /* PPPD_FOLLOWUP in Resources */,
				04DC45E920E6211F00F6841B /* README in Resources */,
			);
			runOnlyForDeploymentPostprocessing = 0;
		};
/* End PBXResourcesBuildPhase section */

/* Begin PBXShellScriptBuildPhase section */
		0495EA582073D4C300320501 /* Run Script */ = {
			isa = PBXShellScriptBuildPhase;
			buildActionMask = 2147483647;
			files = (
			);
			inputPaths = (
				"$(SRCROOT)/Carthage/Build/iOS/Alamofire.framework",
				"$(SRCROOT)/Carthage/Build/iOS/Eureka.framework",
				"$(SRCROOT)/Carthage/Build/iOS/KeychainAccess.framework",
				"$(SRCROOT)/Carthage/Build/iOS/CocoaAsyncSocket.framework",
				"$(SRCROOT)/Carthage/Build/iOS/CocoaLumberjack.framework",
				"$(SRCROOT)/Carthage/Build/iOS/CocoaLumberjackSwift.framework",
				"$(SRCROOT)/Carthage/Build/iOS/lwip.framework",
				"$(SRCROOT)/Carthage/Build/iOS/MMDB.framework",
				"$(SRCROOT)/Carthage/Build/iOS/Sodium.framework",
				"$(SRCROOT)/Carthage/Build/iOS/tun2socks.framework",
				"$(SRCROOT)/Carthage/Build/iOS/Yaml.framework",
				"$(SRCROOT)/Carthage/Build/iOS/Resolver.framework",
				"$(SRCROOT)/Carthage/Build/iOS/NEKit.framework",
			);
			name = "Run Script";
			outputPaths = (
			);
			runOnlyForDeploymentPostprocessing = 0;
			shellPath = /bin/sh;
			shellScript = "/usr/local/bin/carthage copy-frameworks";
		};
/* End PBXShellScriptBuildPhase section */

/* Begin PBXSourcesBuildPhase section */
		04EA46012064C9B7002578AF /* Sources */ = {
			isa = PBXSourcesBuildPhase;
			buildActionMask = 2147483647;
			files = (
				04EA460B2064C9B7002578AF /* ViewController.swift in Sources */,
				04EA46092064C9B7002578AF /* AppDelegate.swift in Sources */,
			);
			runOnlyForDeploymentPostprocessing = 0;
		};
		04EA462F2064D10E002578AF /* Sources */ = {
			isa = PBXSourcesBuildPhase;
			buildActionMask = 2147483647;
			files = (
				046CFB2820E6238300BC2769 /* sys_arch.c in Sources */,
				04DC45EE20E6211F00F6841B /* ccp.c in Sources */,
				04DC45CC20E6211F00F6841B /* tcp.c in Sources */,
				04DC45C520E6211F00F6841B /* igmp.c in Sources */,
				04DC45C420E6211F00F6841B /* dhcp.c in Sources */,
				04DC45C020E6211F00F6841B /* udp.c in Sources */,
				04DC45BC20E6211F00F6841B /* dns.c in Sources */,
				04DC45BF20E6211F00F6841B /* def.c in Sources */,
				04DC45E120E6211F00F6841B /* pppoe.c in Sources */,
				04DC45DA20E6211F00F6841B /* vj.c in Sources */,
				04DC45F420E6211F00F6841B /* magic.c in Sources */,
				04DC45D520E6211F00F6841B /* inet6.c in Sources */,
				04DC45D220E6211F00F6841B /* dhcp6.c in Sources */,
				04EA46362064D10E002578AF /* PacketTunnelProvider.swift in Sources */,
				04DC45AF20E6211F00F6841B /* netdb.c in Sources */,
				04DC45EA20E6211F00F6841B /* md5.c in Sources */,
				04DC45D320E6211F00F6841B /* ethip6.c in Sources */,
				04DC45CE20E6211F00F6841B /* timeouts.c in Sources */,
				04DC45D920E6211F00F6841B /* slipif.c in Sources */,
				04DC45B320E6211F00F6841B /* api_lib.c in Sources */,
				04DC45FB20E6211F00F6841B /* lowpan6.c in Sources */,
				04DC45D720E6211F00F6841B /* ip6_frag.c in Sources */,
				04DC45B520E6211F00F6841B /* netbuf.c in Sources */,
				04DC45F720E6211F00F6841B /* ppp.c in Sources */,
				04DC45E420E6211F00F6841B /* pppcrypt.c in Sources */,
				04DC45B220E6211F00F6841B /* netifapi.c in Sources */,
				04DC45BA20E6211F00F6841B /* tcp_out.c in Sources */,
				04DC45EF20E6211F00F6841B /* utils.c in Sources */,
				04DC45F120E6211F00F6841B /* chap-new.c in Sources */,
				04DC45D820E6211F00F6841B /* ethernet.c in Sources */,
				04DC45B820E6211F00F6841B /* inet_chksum.c in Sources */,
				04DC45E220E6211F00F6841B /* chap_ms.c in Sources */,
				04DC45F520E6211F00F6841B /* fsm.c in Sources */,
				04DC45C720E6211F00F6841B /* icmp.c in Sources */,
				04DC45BE20E6211F00F6841B /* mem.c in Sources */,
				04DC45D120E6211F00F6841B /* mld6.c in Sources */,
				04DC45DD20E6211F00F6841B /* pppol2tp.c in Sources */,
				04DC45E020E6211F00F6841B /* multilink.c in Sources */,
				04DC45DF20E6211F00F6841B /* eui64.c in Sources */,
				04DC45D620E6211F00F6841B /* ip6_addr.c in Sources */,
				04DC45F320E6211F00F6841B /* ecp.c in Sources */,
				04DC45CB20E6211F00F6841B /* netif.c in Sources */,
				04DC45FA20E6211F00F6841B /* ethernetif.c in Sources */,
				04DC45E820E6211F00F6841B /* sha1.c in Sources */,
				04DC45E520E6211F00F6841B /* pppos.c in Sources */,
				04DC45DE20E6211F00F6841B /* mppe.c in Sources */,
				04DC45DC20E6211F00F6841B /* pppapi.c in Sources */,
				04DC45C120E6211F00F6841B /* stats.c in Sources */,
				04DC45B920E6211F00F6841B /* raw.c in Sources */,
				04DC45B620E6211F00F6841B /* memp.c in Sources */,
				04DC45EB20E6211F00F6841B /* arc4.c in Sources */,
				04DC45B420E6211F00F6841B /* api_msg.c in Sources */,
				04DC45D420E6211F00F6841B /* nd6.c in Sources */,
				04DC45B020E6211F00F6841B /* tcpip.c in Sources */,
				04DC45B120E6211F00F6841B /* err.c in Sources */,
				04DC45E720E6211F00F6841B /* des.c in Sources */,
				04DC45F620E6211F00F6841B /* demand.c in Sources */,
				04DC45B720E6211F00F6841B /* sys.c in Sources */,
				04DC45C220E6211F00F6841B /* tcp_in.c in Sources */,
				04DC45F020E6211F00F6841B /* chap-md5.c in Sources */,
				04DC45CD20E6211F00F6841B /* pbuf.c in Sources */,
				04DC45C320E6211F00F6841B /* autoip.c in Sources */,
				04DC45E320E6211F00F6841B /* eap.c in Sources */,
				04DC45F220E6211F00F6841B /* upap.c in Sources */,
				04DC45C620E6211F00F6841B /* etharp.c in Sources */,
				04DC45AE20E6211F00F6841B /* sockets.c in Sources */,
				04DC45EC20E6211F00F6841B /* lcp.c in Sources */,
				04DC45E620E6211F00F6841B /* md4.c in Sources */,
				04DC45ED20E6211F00F6841B /* ipv6cp.c in Sources */,
				04DC45C920E6211F00F6841B /* ip4_frag.c in Sources */,
				04DC45C820E6211F00F6841B /* ip4.c in Sources */,
				04DC45DB20E6211F00F6841B /* auth.c in Sources */,
				04DC45D020E6211F00F6841B /* icmp6.c in Sources */,
				04DC45BD20E6211F00F6841B /* init.c in Sources */,
				04DC45CA20E6211F00F6841B /* ip4_addr.c in Sources */,
				04DC45CF20E6211F00F6841B /* ip6.c in Sources */,
				04DC45BB20E6211F00F6841B /* ip.c in Sources */,
				0445F9AF20676962003993A3 /* Shadowsocks.swift in Sources */,
				04DC45F820E6211F00F6841B /* ipcp.c in Sources */,
			);
			runOnlyForDeploymentPostprocessing = 0;
		};
/* End PBXSourcesBuildPhase section */

/* Begin PBXTargetDependency section */
		04EA463A2064D10E002578AF /* PBXTargetDependency */ = {
			isa = PBXTargetDependency;
			target = 04EA46322064D10E002578AF /* PacketTunnel */;
			targetProxy = 04EA46392064D10E002578AF /* PBXContainerItemProxy */;
		};
/* End PBXTargetDependency section */

/* Begin PBXVariantGroup section */
		0485CBE52073838C003F596A /* InfoPlist.strings */ = {
			isa = PBXVariantGroup;
			children = (
				0485CBE62073838C003F596A /* Base */,
				0485CBE8207383B6003F596A /* zh-Hans */,
			);
			name = InfoPlist.strings;
			sourceTree = "<group>";
		};
		0485CBE9207383E6003F596A /* Localizable.strings */ = {
			isa = PBXVariantGroup;
			children = (
				0485CBEA207383E6003F596A /* Base */,
				0485CBEC20738401003F596A /* zh-Hans */,
			);
			name = Localizable.strings;
			sourceTree = "<group>";
		};
		04EA46112064C9B7002578AF /* LaunchScreen.storyboard */ = {
			isa = PBXVariantGroup;
			children = (
				04EA46122064C9B7002578AF /* Base */,
				04F368CB2074C31A00CA8B34 /* zh-Hans */,
			);
			name = LaunchScreen.storyboard;
			sourceTree = "<group>";
		};
/* End PBXVariantGroup section */

/* Begin XCBuildConfiguration section */
		04EA46152064C9B7002578AF /* Debug */ = {
			isa = XCBuildConfiguration;
			buildSettings = {
				ALWAYS_SEARCH_USER_PATHS = NO;
				CLANG_ANALYZER_LOCALIZABILITY_NONLOCALIZED = YES;
				CLANG_ANALYZER_NONNULL = YES;
				CLANG_ANALYZER_NUMBER_OBJECT_CONVERSION = YES_AGGRESSIVE;
				CLANG_CXX_LANGUAGE_STANDARD = "gnu++14";
				CLANG_CXX_LIBRARY = "libc++";
				CLANG_ENABLE_MODULES = YES;
				CLANG_ENABLE_OBJC_ARC = YES;
				CLANG_WARN_BLOCK_CAPTURE_AUTORELEASING = YES;
				CLANG_WARN_BOOL_CONVERSION = YES;
				CLANG_WARN_COMMA = YES;
				CLANG_WARN_CONSTANT_CONVERSION = YES;
				CLANG_WARN_DEPRECATED_OBJC_IMPLEMENTATIONS = YES;
				CLANG_WARN_DIRECT_OBJC_ISA_USAGE = YES_ERROR;
				CLANG_WARN_DOCUMENTATION_COMMENTS = YES;
				CLANG_WARN_EMPTY_BODY = YES;
				CLANG_WARN_ENUM_CONVERSION = YES;
				CLANG_WARN_INFINITE_RECURSION = YES;
				CLANG_WARN_INT_CONVERSION = YES;
				CLANG_WARN_NON_LITERAL_NULL_CONVERSION = YES;
				CLANG_WARN_OBJC_IMPLICIT_RETAIN_SELF = YES;
				CLANG_WARN_OBJC_LITERAL_CONVERSION = YES;
				CLANG_WARN_OBJC_ROOT_CLASS = YES_ERROR;
				CLANG_WARN_RANGE_LOOP_ANALYSIS = YES;
				CLANG_WARN_STRICT_PROTOTYPES = YES;
				CLANG_WARN_SUSPICIOUS_MOVE = YES;
				CLANG_WARN_UNGUARDED_AVAILABILITY = YES_AGGRESSIVE;
				CLANG_WARN_UNREACHABLE_CODE = YES;
				CLANG_WARN__DUPLICATE_METHOD_MATCH = YES;
				CODE_SIGN_IDENTITY = "iPhone Developer";
				COPY_PHASE_STRIP = NO;
				DEBUG_INFORMATION_FORMAT = dwarf;
				ENABLE_STRICT_OBJC_MSGSEND = YES;
				ENABLE_TESTABILITY = YES;
				GCC_C_LANGUAGE_STANDARD = gnu11;
				GCC_DYNAMIC_NO_PIC = NO;
				GCC_NO_COMMON_BLOCKS = YES;
				GCC_OPTIMIZATION_LEVEL = 0;
				GCC_PREPROCESSOR_DEFINITIONS = (
					"DEBUG=1",
					"$(inherited)",
				);
				GCC_WARN_64_TO_32_BIT_CONVERSION = YES;
				GCC_WARN_ABOUT_RETURN_TYPE = YES_ERROR;
				GCC_WARN_UNDECLARED_SELECTOR = YES;
				GCC_WARN_UNINITIALIZED_AUTOS = YES_AGGRESSIVE;
				GCC_WARN_UNUSED_FUNCTION = YES;
				GCC_WARN_UNUSED_VARIABLE = YES;
				IPHONEOS_DEPLOYMENT_TARGET = 9.3;
				MTL_ENABLE_DEBUG_INFO = YES;
				ONLY_ACTIVE_ARCH = YES;
				SDKROOT = iphoneos;
				SWIFT_ACTIVE_COMPILATION_CONDITIONS = DEBUG;
				SWIFT_OPTIMIZATION_LEVEL = "-Onone";
			};
			name = Debug;
		};
		04EA46162064C9B7002578AF /* Release */ = {
			isa = XCBuildConfiguration;
			buildSettings = {
				ALWAYS_SEARCH_USER_PATHS = NO;
				CLANG_ANALYZER_LOCALIZABILITY_NONLOCALIZED = YES;
				CLANG_ANALYZER_NONNULL = YES;
				CLANG_ANALYZER_NUMBER_OBJECT_CONVERSION = YES_AGGRESSIVE;
				CLANG_CXX_LANGUAGE_STANDARD = "gnu++14";
				CLANG_CXX_LIBRARY = "libc++";
				CLANG_ENABLE_MODULES = YES;
				CLANG_ENABLE_OBJC_ARC = YES;
				CLANG_WARN_BLOCK_CAPTURE_AUTORELEASING = YES;
				CLANG_WARN_BOOL_CONVERSION = YES;
				CLANG_WARN_COMMA = YES;
				CLANG_WARN_CONSTANT_CONVERSION = YES;
				CLANG_WARN_DEPRECATED_OBJC_IMPLEMENTATIONS = YES;
				CLANG_WARN_DIRECT_OBJC_ISA_USAGE = YES_ERROR;
				CLANG_WARN_DOCUMENTATION_COMMENTS = YES;
				CLANG_WARN_EMPTY_BODY = YES;
				CLANG_WARN_ENUM_CONVERSION = YES;
				CLANG_WARN_INFINITE_RECURSION = YES;
				CLANG_WARN_INT_CONVERSION = YES;
				CLANG_WARN_NON_LITERAL_NULL_CONVERSION = YES;
				CLANG_WARN_OBJC_IMPLICIT_RETAIN_SELF = YES;
				CLANG_WARN_OBJC_LITERAL_CONVERSION = YES;
				CLANG_WARN_OBJC_ROOT_CLASS = YES_ERROR;
				CLANG_WARN_RANGE_LOOP_ANALYSIS = YES;
				CLANG_WARN_STRICT_PROTOTYPES = YES;
				CLANG_WARN_SUSPICIOUS_MOVE = YES;
				CLANG_WARN_UNGUARDED_AVAILABILITY = YES_AGGRESSIVE;
				CLANG_WARN_UNREACHABLE_CODE = YES;
				CLANG_WARN__DUPLICATE_METHOD_MATCH = YES;
				CODE_SIGN_IDENTITY = "iPhone Developer";
				COPY_PHASE_STRIP = NO;
				DEBUG_INFORMATION_FORMAT = "dwarf-with-dsym";
				ENABLE_NS_ASSERTIONS = NO;
				ENABLE_STRICT_OBJC_MSGSEND = YES;
				GCC_C_LANGUAGE_STANDARD = gnu11;
				GCC_NO_COMMON_BLOCKS = YES;
				GCC_WARN_64_TO_32_BIT_CONVERSION = YES;
				GCC_WARN_ABOUT_RETURN_TYPE = YES_ERROR;
				GCC_WARN_UNDECLARED_SELECTOR = YES;
				GCC_WARN_UNINITIALIZED_AUTOS = YES_AGGRESSIVE;
				GCC_WARN_UNUSED_FUNCTION = YES;
				GCC_WARN_UNUSED_VARIABLE = YES;
				IPHONEOS_DEPLOYMENT_TARGET = 9.3;
				MTL_ENABLE_DEBUG_INFO = NO;
				SDKROOT = iphoneos;
				SWIFT_OPTIMIZATION_LEVEL = "-Owholemodule";
				VALIDATE_PRODUCT = YES;
			};
			name = Release;
		};
		04EA46182064C9B7002578AF /* Debug */ = {
			isa = XCBuildConfiguration;
			buildSettings = {
				ALWAYS_EMBED_SWIFT_STANDARD_LIBRARIES = "$(inherited)";
				ASSETCATALOG_COMPILER_APPICON_NAME = AppIcon;
				CODE_SIGN_ENTITLEMENTS = Ladder/Ladder.entitlements;
				CODE_SIGN_STYLE = Automatic;
				DEVELOPMENT_TEAM = ZK8FLMBEMJ;
				ENABLE_BITCODE = YES;
				FRAMEWORK_SEARCH_PATHS = (
					"$(inherited)",
					"$(PROJECT_DIR)/Carthage/Build/iOS",
				);
				INFOPLIST_FILE = Ladder/Info.plist;
				IPHONEOS_DEPLOYMENT_TARGET = 9.3;
				LD_RUNPATH_SEARCH_PATHS = "$(inherited) @executable_path/Frameworks";
				OTHER_LDFLAGS = "$(inherited)";
				PRODUCT_BUNDLE_IDENTIFIER = org.aofei.ladder;
				PRODUCT_NAME = "$(TARGET_NAME)";
				SWIFT_VERSION = 4.0;
				TARGETED_DEVICE_FAMILY = "1,2";
			};
			name = Debug;
		};
		04EA46192064C9B7002578AF /* Release */ = {
			isa = XCBuildConfiguration;
			buildSettings = {
				ALWAYS_EMBED_SWIFT_STANDARD_LIBRARIES = "$(inherited)";
				ASSETCATALOG_COMPILER_APPICON_NAME = AppIcon;
				CODE_SIGN_ENTITLEMENTS = Ladder/Ladder.entitlements;
				CODE_SIGN_STYLE = Automatic;
				DEVELOPMENT_TEAM = ZK8FLMBEMJ;
				ENABLE_BITCODE = YES;
				FRAMEWORK_SEARCH_PATHS = (
					"$(inherited)",
					"$(PROJECT_DIR)/Carthage/Build/iOS",
				);
				INFOPLIST_FILE = Ladder/Info.plist;
				IPHONEOS_DEPLOYMENT_TARGET = 9.3;
				LD_RUNPATH_SEARCH_PATHS = "$(inherited) @executable_path/Frameworks";
				OTHER_LDFLAGS = "$(inherited)";
				PRODUCT_BUNDLE_IDENTIFIER = org.aofei.ladder;
				PRODUCT_NAME = "$(TARGET_NAME)";
				SWIFT_VERSION = 4.0;
				TARGETED_DEVICE_FAMILY = "1,2";
			};
			name = Release;
		};
		04EA463D2064D10E002578AF /* Debug */ = {
			isa = XCBuildConfiguration;
			buildSettings = {
				ALWAYS_EMBED_SWIFT_STANDARD_LIBRARIES = "$(inherited)";
				APPLICATION_EXTENSION_API_ONLY = YES;
				CLANG_ENABLE_MODULES = YES;
				CODE_SIGN_ENTITLEMENTS = PacketTunnel/PacketTunnel.entitlements;
				"CODE_SIGN_IDENTITY[sdk=iphoneos*]" = "iPhone Developer";
				CODE_SIGN_STYLE = Automatic;
				DEVELOPMENT_TEAM = ZK8FLMBEMJ;
				ENABLE_BITCODE = YES;
				FRAMEWORK_SEARCH_PATHS = (
					"$(inherited)",
					"$(PROJECT_DIR)/Carthage/Build/iOS",
				);
				INFOPLIST_FILE = PacketTunnel/Info.plist;
				IPHONEOS_DEPLOYMENT_TARGET = 9.3;
				LD_RUNPATH_SEARCH_PATHS = "$(inherited) @executable_path/Frameworks @executable_path/../../Frameworks";
				OTHER_LDFLAGS = "$(inherited)";
				PRODUCT_BUNDLE_IDENTIFIER = "org.aofei.ladder.packet-tunnel";
				PRODUCT_NAME = "$(TARGET_NAME)";
				PROVISIONING_PROFILE_SPECIFIER = "";
				SKIP_INSTALL = YES;
				SWIFT_OBJC_BRIDGING_HEADER = PacketTunnel/BridgingHeader.h;
				SWIFT_OPTIMIZATION_LEVEL = "-Onone";
				SWIFT_VERSION = 4.0;
				TARGETED_DEVICE_FAMILY = "1,2";
				USER_HEADER_SEARCH_PATHS = "${SRCROOT}/PacketTunnel/src/include ${SRCROOT}/PacketTunnel/lwip/src/include";
			};
			name = Debug;
		};
		04EA463E2064D10E002578AF /* Release */ = {
			isa = XCBuildConfiguration;
			buildSettings = {
				ALWAYS_EMBED_SWIFT_STANDARD_LIBRARIES = "$(inherited)";
				APPLICATION_EXTENSION_API_ONLY = YES;
				CLANG_ENABLE_MODULES = YES;
				CODE_SIGN_ENTITLEMENTS = PacketTunnel/PacketTunnel.entitlements;
				"CODE_SIGN_IDENTITY[sdk=iphoneos*]" = "iPhone Developer";
				CODE_SIGN_STYLE = Automatic;
				DEVELOPMENT_TEAM = ZK8FLMBEMJ;
				ENABLE_BITCODE = YES;
				FRAMEWORK_SEARCH_PATHS = (
					"$(inherited)",
					"$(PROJECT_DIR)/Carthage/Build/iOS",
				);
				INFOPLIST_FILE = PacketTunnel/Info.plist;
				IPHONEOS_DEPLOYMENT_TARGET = 9.3;
				LD_RUNPATH_SEARCH_PATHS = "$(inherited) @executable_path/Frameworks @executable_path/../../Frameworks";
				OTHER_LDFLAGS = "$(inherited)";
				PRODUCT_BUNDLE_IDENTIFIER = "org.aofei.ladder.packet-tunnel";
				PRODUCT_NAME = "$(TARGET_NAME)";
				PROVISIONING_PROFILE_SPECIFIER = "";
				SKIP_INSTALL = YES;
				SWIFT_OBJC_BRIDGING_HEADER = PacketTunnel/BridgingHeader.h;
				SWIFT_VERSION = 4.0;
				TARGETED_DEVICE_FAMILY = "1,2";
				USER_HEADER_SEARCH_PATHS = "${SRCROOT}/PacketTunnel/src/include ${SRCROOT}/PacketTunnel/lwip/src/include";
			};
			name = Release;
		};
/* End XCBuildConfiguration section */

/* Begin XCConfigurationList section */
		04EA46002064C9B7002578AF /* Build configuration list for PBXProject "Ladder" */ = {
			isa = XCConfigurationList;
			buildConfigurations = (
				04EA46152064C9B7002578AF /* Debug */,
				04EA46162064C9B7002578AF /* Release */,
			);
			defaultConfigurationIsVisible = 0;
			defaultConfigurationName = Release;
		};
		04EA46172064C9B7002578AF /* Build configuration list for PBXNativeTarget "Ladder" */ = {
			isa = XCConfigurationList;
			buildConfigurations = (
				04EA46182064C9B7002578AF /* Debug */,
				04EA46192064C9B7002578AF /* Release */,
			);
			defaultConfigurationIsVisible = 0;
			defaultConfigurationName = Release;
		};
		04EA463C2064D10E002578AF /* Build configuration list for PBXNativeTarget "PacketTunnel" */ = {
			isa = XCConfigurationList;
			buildConfigurations = (
				04EA463D2064D10E002578AF /* Debug */,
				04EA463E2064D10E002578AF /* Release */,
			);
			defaultConfigurationIsVisible = 0;
			defaultConfigurationName = Release;
		};
/* End XCConfigurationList section */
	};
	rootObject = 04EA45FD2064C9B7002578AF /* Project object */;
}
