// !$*UTF8*$!
{
	archiveVersion = 1;
	classes = {
	};
	objectVersion = 48;
	objects = {

/* Begin PBXBuildFile section */
		0445F9AF20676962003993A3 /* Shadowsocks.swift in Sources */ = {isa = PBXBuildFile; fileRef = 0445F9AE20676962003993A3 /* Shadowsocks.swift */; };
		04D1D0BE2065513200F5C4B9 /* NetworkExtension.framework in Frameworks */ = {isa = PBXBuildFile; fileRef = 04D1D0BD2065513200F5C4B9 /* NetworkExtension.framework */; };
		04D1D0BF2065513D00F5C4B9 /* NetworkExtension.framework in Frameworks */ = {isa = PBXBuildFile; fileRef = 04D1D0BD2065513200F5C4B9 /* NetworkExtension.framework */; };
		04EA46092064C9B7002578AF /* AppDelegate.swift in Sources */ = {isa = PBXBuildFile; fileRef = 04EA46082064C9B7002578AF /* AppDelegate.swift */; };
		04EA460B2064C9B7002578AF /* ViewController.swift in Sources */ = {isa = PBXBuildFile; fileRef = 04EA460A2064C9B7002578AF /* ViewController.swift */; };
		04EA46102064C9B7002578AF /* Assets.xcassets in Resources */ = {isa = PBXBuildFile; fileRef = 04EA460F2064C9B7002578AF /* Assets.xcassets */; };
		04EA46132064C9B7002578AF /* LaunchScreen.storyboard in Resources */ = {isa = PBXBuildFile; fileRef = 04EA46112064C9B7002578AF /* LaunchScreen.storyboard */; };
		04EA46362064D10E002578AF /* PacketTunnelProvider.swift in Sources */ = {isa = PBXBuildFile; fileRef = 04EA46352064D10E002578AF /* PacketTunnelProvider.swift */; };
		04EA463B2064D10E002578AF /* PacketTunnel.appex in Embed App Extensions */ = {isa = PBXBuildFile; fileRef = 04EA46332064D10E002578AF /* PacketTunnel.appex */; settings = {ATTRIBUTES = (RemoveHeadersOnCopy, ); }; };
		2F94F778861AE7CA50F700C0 /* Pods_Ladder_PacketTunnel.framework in Frameworks */ = {isa = PBXBuildFile; fileRef = 747FB3B29A6FEA3B7672032C /* Pods_Ladder_PacketTunnel.framework */; };
		32E7236480B31DB771CC3090 /* Pods_Ladder.framework in Frameworks */ = {isa = PBXBuildFile; fileRef = 17727E77D2B2F32468401DDA /* Pods_Ladder.framework */; };
		4183A76EB3D2A32116374D65 /* Pods_PacketTunnel.framework in Frameworks */ = {isa = PBXBuildFile; fileRef = E90DEA792CED3FA4A255427F /* Pods_PacketTunnel.framework */; };
/* End PBXBuildFile section */

/* Begin PBXContainerItemProxy section */
		04EA46392064D10E002578AF /* PBXContainerItemProxy */ = {
			isa = PBXContainerItemProxy;
			containerPortal = 04EA45FD2064C9B7002578AF /* Project object */;
			proxyType = 1;
			remoteGlobalIDString = 04EA46322064D10E002578AF;
			remoteInfo = PacketTunnel;
		};
/* End PBXContainerItemProxy section */

/* Begin PBXCopyFilesBuildPhase section */
		04EA462A2064CC41002578AF /* Embed App Extensions */ = {
			isa = PBXCopyFilesBuildPhase;
			buildActionMask = 2147483647;
			dstPath = "";
			dstSubfolderSpec = 13;
			files = (
				04EA463B2064D10E002578AF /* PacketTunnel.appex in Embed App Extensions */,
			);
			name = "Embed App Extensions";
			runOnlyForDeploymentPostprocessing = 0;
		};
/* End PBXCopyFilesBuildPhase section */

/* Begin PBXFileReference section */
		0445F9AE20676962003993A3 /* Shadowsocks.swift */ = {isa = PBXFileReference; lastKnownFileType = sourcecode.swift; path = Shadowsocks.swift; sourceTree = "<group>"; };
		045AE401659F24A0DAD865B2 /* Pods-Ladder-PacketTunnel.debug.xcconfig */ = {isa = PBXFileReference; includeInIndex = 1; lastKnownFileType = text.xcconfig; name = "Pods-Ladder-PacketTunnel.debug.xcconfig"; path = "Pods/Target Support Files/Pods-Ladder-PacketTunnel/Pods-Ladder-PacketTunnel.debug.xcconfig"; sourceTree = "<group>"; };
		04D1D0BD2065513200F5C4B9 /* NetworkExtension.framework */ = {isa = PBXFileReference; lastKnownFileType = wrapper.framework; name = NetworkExtension.framework; path = System/Library/Frameworks/NetworkExtension.framework; sourceTree = SDKROOT; };
		04EA46052064C9B7002578AF /* Ladder.app */ = {isa = PBXFileReference; explicitFileType = wrapper.application; includeInIndex = 0; path = Ladder.app; sourceTree = BUILT_PRODUCTS_DIR; };
		04EA46082064C9B7002578AF /* AppDelegate.swift */ = {isa = PBXFileReference; lastKnownFileType = sourcecode.swift; path = AppDelegate.swift; sourceTree = "<group>"; };
		04EA460A2064C9B7002578AF /* ViewController.swift */ = {isa = PBXFileReference; lastKnownFileType = sourcecode.swift; path = ViewController.swift; sourceTree = "<group>"; };
		04EA460F2064C9B7002578AF /* Assets.xcassets */ = {isa = PBXFileReference; lastKnownFileType = folder.assetcatalog; path = Assets.xcassets; sourceTree = "<group>"; };
		04EA46122064C9B7002578AF /* Base */ = {isa = PBXFileReference; lastKnownFileType = file.storyboard; name = Base; path = Base.lproj/LaunchScreen.storyboard; sourceTree = "<group>"; };
		04EA46142064C9B7002578AF /* Info.plist */ = {isa = PBXFileReference; lastKnownFileType = text.plist.xml; path = Info.plist; sourceTree = "<group>"; };
		04EA462B2064CFA9002578AF /* Ladder.entitlements */ = {isa = PBXFileReference; lastKnownFileType = text.plist.entitlements; path = Ladder.entitlements; sourceTree = "<group>"; };
		04EA46332064D10E002578AF /* PacketTunnel.appex */ = {isa = PBXFileReference; explicitFileType = "wrapper.app-extension"; includeInIndex = 0; path = PacketTunnel.appex; sourceTree = BUILT_PRODUCTS_DIR; };
		04EA46352064D10E002578AF /* PacketTunnelProvider.swift */ = {isa = PBXFileReference; lastKnownFileType = sourcecode.swift; path = PacketTunnelProvider.swift; sourceTree = "<group>"; };
		04EA46372064D10E002578AF /* Info.plist */ = {isa = PBXFileReference; lastKnownFileType = text.plist.xml; path = Info.plist; sourceTree = "<group>"; };
		04EA46382064D10E002578AF /* PacketTunnel.entitlements */ = {isa = PBXFileReference; lastKnownFileType = text.plist.entitlements; path = PacketTunnel.entitlements; sourceTree = "<group>"; };
		17727E77D2B2F32468401DDA /* Pods_Ladder.framework */ = {isa = PBXFileReference; explicitFileType = wrapper.framework; includeInIndex = 0; path = Pods_Ladder.framework; sourceTree = BUILT_PRODUCTS_DIR; };
		34FBF8A0C737A5676648021D /* Pods-Ladder-PacketTunnel.release.xcconfig */ = {isa = PBXFileReference; includeInIndex = 1; lastKnownFileType = text.xcconfig; name = "Pods-Ladder-PacketTunnel.release.xcconfig"; path = "Pods/Target Support Files/Pods-Ladder-PacketTunnel/Pods-Ladder-PacketTunnel.release.xcconfig"; sourceTree = "<group>"; };
		4DF2758498417F8A9B5F5CB0 /* Pods-Ladder.debug.xcconfig */ = {isa = PBXFileReference; includeInIndex = 1; lastKnownFileType = text.xcconfig; name = "Pods-Ladder.debug.xcconfig"; path = "Pods/Target Support Files/Pods-Ladder/Pods-Ladder.debug.xcconfig"; sourceTree = "<group>"; };
		5A5929D2D57566F2F0E0200B /* Pods-Ladder.release.xcconfig */ = {isa = PBXFileReference; includeInIndex = 1; lastKnownFileType = text.xcconfig; name = "Pods-Ladder.release.xcconfig"; path = "Pods/Target Support Files/Pods-Ladder/Pods-Ladder.release.xcconfig"; sourceTree = "<group>"; };
		69E373F6ADD4CC82FAD29AB0 /* Pods-PacketTunnel.release.xcconfig */ = {isa = PBXFileReference; includeInIndex = 1; lastKnownFileType = text.xcconfig; name = "Pods-PacketTunnel.release.xcconfig"; path = "Pods/Target Support Files/Pods-PacketTunnel/Pods-PacketTunnel.release.xcconfig"; sourceTree = "<group>"; };
		747FB3B29A6FEA3B7672032C /* Pods_Ladder_PacketTunnel.framework */ = {isa = PBXFileReference; explicitFileType = wrapper.framework; includeInIndex = 0; path = Pods_Ladder_PacketTunnel.framework; sourceTree = BUILT_PRODUCTS_DIR; };
		9CB38D230EFD4D8655CD6B02 /* Pods-PacketTunnel.debug.xcconfig */ = {isa = PBXFileReference; includeInIndex = 1; lastKnownFileType = text.xcconfig; name = "Pods-PacketTunnel.debug.xcconfig"; path = "Pods/Target Support Files/Pods-PacketTunnel/Pods-PacketTunnel.debug.xcconfig"; sourceTree = "<group>"; };
		E90DEA792CED3FA4A255427F /* Pods_PacketTunnel.framework */ = {isa = PBXFileReference; explicitFileType = wrapper.framework; includeInIndex = 0; path = Pods_PacketTunnel.framework; sourceTree = BUILT_PRODUCTS_DIR; };
/* End PBXFileReference section */

/* Begin PBXFrameworksBuildPhase section */
		04EA46022064C9B7002578AF /* Frameworks */ = {
			isa = PBXFrameworksBuildPhase;
			buildActionMask = 2147483647;
			files = (
				04D1D0BE2065513200F5C4B9 /* NetworkExtension.framework in Frameworks */,
				32E7236480B31DB771CC3090 /* Pods_Ladder.framework in Frameworks */,
			);
			runOnlyForDeploymentPostprocessing = 0;
		};
		04EA46302064D10E002578AF /* Frameworks */ = {
			isa = PBXFrameworksBuildPhase;
			buildActionMask = 2147483647;
			files = (
				04D1D0BF2065513D00F5C4B9 /* NetworkExtension.framework in Frameworks */,
				2F94F778861AE7CA50F700C0 /* Pods_Ladder_PacketTunnel.framework in Frameworks */,
				4183A76EB3D2A32116374D65 /* Pods_PacketTunnel.framework in Frameworks */,
			);
			runOnlyForDeploymentPostprocessing = 0;
		};
/* End PBXFrameworksBuildPhase section */

/* Begin PBXGroup section */
		04EA45FC2064C9B7002578AF = {
			isa = PBXGroup;
			children = (
				04EA46072064C9B7002578AF /* Ladder */,
				04EA46342064D10E002578AF /* PacketTunnel */,
				04EA462C2064CFE2002578AF /* Frameworks */,
				04EA46062064C9B7002578AF /* Products */,
				7DC88F428E146CA95451CBD9 /* Pods */,
			);
			sourceTree = "<group>";
		};
		04EA46062064C9B7002578AF /* Products */ = {
			isa = PBXGroup;
			children = (
				04EA46052064C9B7002578AF /* Ladder.app */,
				04EA46332064D10E002578AF /* PacketTunnel.appex */,
			);
			name = Products;
			sourceTree = "<group>";
		};
		04EA46072064C9B7002578AF /* Ladder */ = {
			isa = PBXGroup;
			children = (
				04EA46082064C9B7002578AF /* AppDelegate.swift */,
				04EA460A2064C9B7002578AF /* ViewController.swift */,
				04EA46142064C9B7002578AF /* Info.plist */,
				04EA462B2064CFA9002578AF /* Ladder.entitlements */,
				04EA460F2064C9B7002578AF /* Assets.xcassets */,
				04EA46112064C9B7002578AF /* LaunchScreen.storyboard */,
			);
			path = Ladder;
			sourceTree = "<group>";
		};
		04EA462C2064CFE2002578AF /* Frameworks */ = {
			isa = PBXGroup;
			children = (
				04D1D0BD2065513200F5C4B9 /* NetworkExtension.framework */,
				17727E77D2B2F32468401DDA /* Pods_Ladder.framework */,
				747FB3B29A6FEA3B7672032C /* Pods_Ladder_PacketTunnel.framework */,
				E90DEA792CED3FA4A255427F /* Pods_PacketTunnel.framework */,
			);
			name = Frameworks;
			sourceTree = "<group>";
		};
		04EA46342064D10E002578AF /* PacketTunnel */ = {
			isa = PBXGroup;
			children = (
				04EA46352064D10E002578AF /* PacketTunnelProvider.swift */,
				0445F9AE20676962003993A3 /* Shadowsocks.swift */,
				04EA46372064D10E002578AF /* Info.plist */,
				04EA46382064D10E002578AF /* PacketTunnel.entitlements */,
			);
			path = PacketTunnel;
			sourceTree = "<group>";
		};
		7DC88F428E146CA95451CBD9 /* Pods */ = {
			isa = PBXGroup;
			children = (
				4DF2758498417F8A9B5F5CB0 /* Pods-Ladder.debug.xcconfig */,
				5A5929D2D57566F2F0E0200B /* Pods-Ladder.release.xcconfig */,
				045AE401659F24A0DAD865B2 /* Pods-Ladder-PacketTunnel.debug.xcconfig */,
				34FBF8A0C737A5676648021D /* Pods-Ladder-PacketTunnel.release.xcconfig */,
				9CB38D230EFD4D8655CD6B02 /* Pods-PacketTunnel.debug.xcconfig */,
				69E373F6ADD4CC82FAD29AB0 /* Pods-PacketTunnel.release.xcconfig */,
			);
			name = Pods;
			sourceTree = "<group>";
		};
/* End PBXGroup section */

/* Begin PBXNativeTarget section */
		04EA46042064C9B7002578AF /* Ladder */ = {
			isa = PBXNativeTarget;
			buildConfigurationList = 04EA46172064C9B7002578AF /* Build configuration list for PBXNativeTarget "Ladder" */;
			buildPhases = (
				B28BD77C2CA3BE80EBC09949 /* [CP] Check Pods Manifest.lock */,
				04EA46012064C9B7002578AF /* Sources */,
				04EA46022064C9B7002578AF /* Frameworks */,
				04EA46032064C9B7002578AF /* Resources */,
				04EA462A2064CC41002578AF /* Embed App Extensions */,
				B8A0C88A15197048F1283E8C /* [CP] Embed Pods Frameworks */,
				BDFA486A0068042724569E52 /* [CP] Copy Pods Resources */,
			);
			buildRules = (
			);
			dependencies = (
				04EA463A2064D10E002578AF /* PBXTargetDependency */,
			);
			name = Ladder;
			productName = Ladder;
			productReference = 04EA46052064C9B7002578AF /* Ladder.app */;
			productType = "com.apple.product-type.application";
		};
		04EA46322064D10E002578AF /* PacketTunnel */ = {
			isa = PBXNativeTarget;
			buildConfigurationList = 04EA463C2064D10E002578AF /* Build configuration list for PBXNativeTarget "PacketTunnel" */;
			buildPhases = (
				0403213A25CF18932CC50E45 /* [CP] Check Pods Manifest.lock */,
				04EA462F2064D10E002578AF /* Sources */,
				04EA46302064D10E002578AF /* Frameworks */,
				04EA46312064D10E002578AF /* Resources */,
				EBF801F172A4EBC730D80ED8 /* [CP] Copy Pods Resources */,
			);
			buildRules = (
			);
			dependencies = (
			);
			name = PacketTunnel;
			productName = PacketTunnel;
			productReference = 04EA46332064D10E002578AF /* PacketTunnel.appex */;
			productType = "com.apple.product-type.app-extension";
		};
/* End PBXNativeTarget section */

/* Begin PBXProject section */
		04EA45FD2064C9B7002578AF /* Project object */ = {
			isa = PBXProject;
			attributes = {
				LastSwiftUpdateCheck = 0920;
				LastUpgradeCheck = 0930;
				ORGANIZATIONNAME = "Beijing Corestate Technology Co., Ltd.";
				TargetAttributes = {
					04EA46042064C9B7002578AF = {
						CreatedOnToolsVersion = 9.2;
						ProvisioningStyle = Automatic;
						SystemCapabilities = {
							com.apple.ApplicationGroups.iOS = {
								enabled = 0;
							};
							com.apple.NetworkExtensions.iOS = {
								enabled = 1;
							};
							com.apple.VPNLite = {
								enabled = 0;
							};
						};
					};
					04EA46322064D10E002578AF = {
						CreatedOnToolsVersion = 9.2;
						ProvisioningStyle = Automatic;
						SystemCapabilities = {
							com.apple.ApplicationGroups.iOS = {
								enabled = 0;
							};
							com.apple.NetworkExtensions.iOS = {
								enabled = 1;
							};
							com.apple.VPNLite = {
								enabled = 0;
							};
						};
					};
				};
			};
			buildConfigurationList = 04EA46002064C9B7002578AF /* Build configuration list for PBXProject "Ladder" */;
			compatibilityVersion = "Xcode 8.0";
			developmentRegion = en;
			hasScannedForEncodings = 0;
			knownRegions = (
				en,
				Base,
			);
			mainGroup = 04EA45FC2064C9B7002578AF;
			productRefGroup = 04EA46062064C9B7002578AF /* Products */;
			projectDirPath = "";
			projectRoot = "";
			targets = (
				04EA46042064C9B7002578AF /* Ladder */,
				04EA46322064D10E002578AF /* PacketTunnel */,
			);
		};
/* End PBXProject section */

/* Begin PBXResourcesBuildPhase section */
		04EA46032064C9B7002578AF /* Resources */ = {
			isa = PBXResourcesBuildPhase;
			buildActionMask = 2147483647;
			files = (
				04EA46102064C9B7002578AF /* Assets.xcassets in Resources */,
				04EA46132064C9B7002578AF /* LaunchScreen.storyboard in Resources */,
			);
			runOnlyForDeploymentPostprocessing = 0;
		};
		04EA46312064D10E002578AF /* Resources */ = {
			isa = PBXResourcesBuildPhase;
			buildActionMask = 2147483647;
			files = (
			);
			runOnlyForDeploymentPostprocessing = 0;
		};
/* End PBXResourcesBuildPhase section */

/* Begin PBXShellScriptBuildPhase section */
		0403213A25CF18932CC50E45 /* [CP] Check Pods Manifest.lock */ = {
			isa = PBXShellScriptBuildPhase;
			buildActionMask = 2147483647;
			files = (
			);
			inputPaths = (
				"${PODS_PODFILE_DIR_PATH}/Podfile.lock",
				"${PODS_ROOT}/Manifest.lock",
			);
			name = "[CP] Check Pods Manifest.lock";
			outputPaths = (
				"$(DERIVED_FILE_DIR)/Pods-PacketTunnel-checkManifestLockResult.txt",
			);
			runOnlyForDeploymentPostprocessing = 0;
			shellPath = /bin/sh;
			shellScript = "diff \"${PODS_PODFILE_DIR_PATH}/Podfile.lock\" \"${PODS_ROOT}/Manifest.lock\" > /dev/null\nif [ $? != 0 ] ; then\n    # print error to STDERR\n    echo \"error: The sandbox is not in sync with the Podfile.lock. Run 'pod install' or update your CocoaPods installation.\" >&2\n    exit 1\nfi\n# This output is used by Xcode 'outputs' to avoid re-running this script phase.\necho \"SUCCESS\" > \"${SCRIPT_OUTPUT_FILE_0}\"\n";
			showEnvVarsInLog = 0;
		};
		B28BD77C2CA3BE80EBC09949 /* [CP] Check Pods Manifest.lock */ = {
			isa = PBXShellScriptBuildPhase;
			buildActionMask = 2147483647;
			files = (
			);
			inputPaths = (
				"${PODS_PODFILE_DIR_PATH}/Podfile.lock",
				"${PODS_ROOT}/Manifest.lock",
			);
			name = "[CP] Check Pods Manifest.lock";
			outputPaths = (
				"$(DERIVED_FILE_DIR)/Pods-Ladder-checkManifestLockResult.txt",
			);
			runOnlyForDeploymentPostprocessing = 0;
			shellPath = /bin/sh;
			shellScript = "diff \"${PODS_PODFILE_DIR_PATH}/Podfile.lock\" \"${PODS_ROOT}/Manifest.lock\" > /dev/null\nif [ $? != 0 ] ; then\n    # print error to STDERR\n    echo \"error: The sandbox is not in sync with the Podfile.lock. Run 'pod install' or update your CocoaPods installation.\" >&2\n    exit 1\nfi\n# This output is used by Xcode 'outputs' to avoid re-running this script phase.\necho \"SUCCESS\" > \"${SCRIPT_OUTPUT_FILE_0}\"\n";
			showEnvVarsInLog = 0;
		};
		B8A0C88A15197048F1283E8C /* [CP] Embed Pods Frameworks */ = {
			isa = PBXShellScriptBuildPhase;
			buildActionMask = 2147483647;
			files = (
			);
			inputPaths = (
				"${SRCROOT}/Pods/Target Support Files/Pods-Ladder/Pods-Ladder-frameworks.sh",
				"${BUILT_PRODUCTS_DIR}/Eureka/Eureka.framework",
				"${BUILT_PRODUCTS_DIR}/KeychainAccess/KeychainAccess.framework",
				"${BUILT_PRODUCTS_DIR}/CocoaAsyncSocket/CocoaAsyncSocket.framework",
				"${BUILT_PRODUCTS_DIR}/CryptoSwift/CryptoSwift.framework",
			);
			name = "[CP] Embed Pods Frameworks";
			outputPaths = (
				"${TARGET_BUILD_DIR}/${FRAMEWORKS_FOLDER_PATH}/Eureka.framework",
				"${TARGET_BUILD_DIR}/${FRAMEWORKS_FOLDER_PATH}/KeychainAccess.framework",
				"${TARGET_BUILD_DIR}/${FRAMEWORKS_FOLDER_PATH}/CocoaAsyncSocket.framework",
				"${TARGET_BUILD_DIR}/${FRAMEWORKS_FOLDER_PATH}/CryptoSwift.framework",
			);
			runOnlyForDeploymentPostprocessing = 0;
			shellPath = /bin/sh;
			shellScript = "\"${SRCROOT}/Pods/Target Support Files/Pods-Ladder/Pods-Ladder-frameworks.sh\"\n";
			showEnvVarsInLog = 0;
		};
		BDFA486A0068042724569E52 /* [CP] Copy Pods Resources */ = {
			isa = PBXShellScriptBuildPhase;
			buildActionMask = 2147483647;
			files = (
			);
			inputPaths = (
			);
			name = "[CP] Copy Pods Resources";
			outputPaths = (
			);
			runOnlyForDeploymentPostprocessing = 0;
			shellPath = /bin/sh;
			shellScript = "\"${SRCROOT}/Pods/Target Support Files/Pods-Ladder/Pods-Ladder-resources.sh\"\n";
			showEnvVarsInLog = 0;
		};
		EBF801F172A4EBC730D80ED8 /* [CP] Copy Pods Resources */ = {
			isa = PBXShellScriptBuildPhase;
			buildActionMask = 2147483647;
			files = (
			);
			inputPaths = (
			);
			name = "[CP] Copy Pods Resources";
			outputPaths = (
			);
			runOnlyForDeploymentPostprocessing = 0;
			shellPath = /bin/sh;
			shellScript = "\"${SRCROOT}/Pods/Target Support Files/Pods-PacketTunnel/Pods-PacketTunnel-resources.sh\"\n";
			showEnvVarsInLog = 0;
		};
/* End PBXShellScriptBuildPhase section */

/* Begin PBXSourcesBuildPhase section */
		04EA46012064C9B7002578AF /* Sources */ = {
			isa = PBXSourcesBuildPhase;
			buildActionMask = 2147483647;
			files = (
				04EA460B2064C9B7002578AF /* ViewController.swift in Sources */,
				04EA46092064C9B7002578AF /* AppDelegate.swift in Sources */,
			);
			runOnlyForDeploymentPostprocessing = 0;
		};
		04EA462F2064D10E002578AF /* Sources */ = {
			isa = PBXSourcesBuildPhase;
			buildActionMask = 2147483647;
			files = (
				04EA46362064D10E002578AF /* PacketTunnelProvider.swift in Sources */,
				0445F9AF20676962003993A3 /* Shadowsocks.swift in Sources */,
			);
			runOnlyForDeploymentPostprocessing = 0;
		};
/* End PBXSourcesBuildPhase section */

/* Begin PBXTargetDependency section */
		04EA463A2064D10E002578AF /* PBXTargetDependency */ = {
			isa = PBXTargetDependency;
			target = 04EA46322064D10E002578AF /* PacketTunnel */;
			targetProxy = 04EA46392064D10E002578AF /* PBXContainerItemProxy */;
		};
/* End PBXTargetDependency section */

/* Begin PBXVariantGroup section */
		04EA46112064C9B7002578AF /* LaunchScreen.storyboard */ = {
			isa = PBXVariantGroup;
			children = (
				04EA46122064C9B7002578AF /* Base */,
			);
			name = LaunchScreen.storyboard;
			sourceTree = "<group>";
		};
/* End PBXVariantGroup section */

/* Begin XCBuildConfiguration section */
		04EA46152064C9B7002578AF /* Debug */ = {
			isa = XCBuildConfiguration;
			buildSettings = {
				ALWAYS_SEARCH_USER_PATHS = NO;
				CLANG_ANALYZER_LOCALIZABILITY_NONLOCALIZED = YES;
				CLANG_ANALYZER_NONNULL = YES;
				CLANG_ANALYZER_NUMBER_OBJECT_CONVERSION = YES_AGGRESSIVE;
				CLANG_CXX_LANGUAGE_STANDARD = "gnu++14";
				CLANG_CXX_LIBRARY = "libc++";
				CLANG_ENABLE_MODULES = YES;
				CLANG_ENABLE_OBJC_ARC = YES;
				CLANG_WARN_BLOCK_CAPTURE_AUTORELEASING = YES;
				CLANG_WARN_BOOL_CONVERSION = YES;
				CLANG_WARN_COMMA = YES;
				CLANG_WARN_CONSTANT_CONVERSION = YES;
				CLANG_WARN_DEPRECATED_OBJC_IMPLEMENTATIONS = YES;
				CLANG_WARN_DIRECT_OBJC_ISA_USAGE = YES_ERROR;
				CLANG_WARN_DOCUMENTATION_COMMENTS = YES;
				CLANG_WARN_EMPTY_BODY = YES;
				CLANG_WARN_ENUM_CONVERSION = YES;
				CLANG_WARN_INFINITE_RECURSION = YES;
				CLANG_WARN_INT_CONVERSION = YES;
				CLANG_WARN_NON_LITERAL_NULL_CONVERSION = YES;
				CLANG_WARN_OBJC_IMPLICIT_RETAIN_SELF = YES;
				CLANG_WARN_OBJC_LITERAL_CONVERSION = YES;
				CLANG_WARN_OBJC_ROOT_CLASS = YES_ERROR;
				CLANG_WARN_RANGE_LOOP_ANALYSIS = YES;
				CLANG_WARN_STRICT_PROTOTYPES = YES;
				CLANG_WARN_SUSPICIOUS_MOVE = YES;
				CLANG_WARN_UNGUARDED_AVAILABILITY = YES_AGGRESSIVE;
				CLANG_WARN_UNREACHABLE_CODE = YES;
				CLANG_WARN__DUPLICATE_METHOD_MATCH = YES;
				CODE_SIGN_IDENTITY = "iPhone Developer";
				COPY_PHASE_STRIP = NO;
				DEBUG_INFORMATION_FORMAT = dwarf;
				ENABLE_STRICT_OBJC_MSGSEND = YES;
				ENABLE_TESTABILITY = YES;
				GCC_C_LANGUAGE_STANDARD = gnu11;
				GCC_DYNAMIC_NO_PIC = NO;
				GCC_NO_COMMON_BLOCKS = YES;
				GCC_OPTIMIZATION_LEVEL = 0;
				GCC_PREPROCESSOR_DEFINITIONS = (
					"DEBUG=1",
					"$(inherited)",
				);
				GCC_WARN_64_TO_32_BIT_CONVERSION = YES;
				GCC_WARN_ABOUT_RETURN_TYPE = YES_ERROR;
				GCC_WARN_UNDECLARED_SELECTOR = YES;
				GCC_WARN_UNINITIALIZED_AUTOS = YES_AGGRESSIVE;
				GCC_WARN_UNUSED_FUNCTION = YES;
				GCC_WARN_UNUSED_VARIABLE = YES;
				IPHONEOS_DEPLOYMENT_TARGET = 9.0;
				MTL_ENABLE_DEBUG_INFO = YES;
				ONLY_ACTIVE_ARCH = YES;
				SDKROOT = iphoneos;
				SWIFT_ACTIVE_COMPILATION_CONDITIONS = DEBUG;
				SWIFT_OPTIMIZATION_LEVEL = "-Onone";
			};
			name = Debug;
		};
		04EA46162064C9B7002578AF /* Release */ = {
			isa = XCBuildConfiguration;
			buildSettings = {
				ALWAYS_SEARCH_USER_PATHS = NO;
				CLANG_ANALYZER_LOCALIZABILITY_NONLOCALIZED = YES;
				CLANG_ANALYZER_NONNULL = YES;
				CLANG_ANALYZER_NUMBER_OBJECT_CONVERSION = YES_AGGRESSIVE;
				CLANG_CXX_LANGUAGE_STANDARD = "gnu++14";
				CLANG_CXX_LIBRARY = "libc++";
				CLANG_ENABLE_MODULES = YES;
				CLANG_ENABLE_OBJC_ARC = YES;
				CLANG_WARN_BLOCK_CAPTURE_AUTORELEASING = YES;
				CLANG_WARN_BOOL_CONVERSION = YES;
				CLANG_WARN_COMMA = YES;
				CLANG_WARN_CONSTANT_CONVERSION = YES;
				CLANG_WARN_DEPRECATED_OBJC_IMPLEMENTATIONS = YES;
				CLANG_WARN_DIRECT_OBJC_ISA_USAGE = YES_ERROR;
				CLANG_WARN_DOCUMENTATION_COMMENTS = YES;
				CLANG_WARN_EMPTY_BODY = YES;
				CLANG_WARN_ENUM_CONVERSION = YES;
				CLANG_WARN_INFINITE_RECURSION = YES;
				CLANG_WARN_INT_CONVERSION = YES;
				CLANG_WARN_NON_LITERAL_NULL_CONVERSION = YES;
				CLANG_WARN_OBJC_IMPLICIT_RETAIN_SELF = YES;
				CLANG_WARN_OBJC_LITERAL_CONVERSION = YES;
				CLANG_WARN_OBJC_ROOT_CLASS = YES_ERROR;
				CLANG_WARN_RANGE_LOOP_ANALYSIS = YES;
				CLANG_WARN_STRICT_PROTOTYPES = YES;
				CLANG_WARN_SUSPICIOUS_MOVE = YES;
				CLANG_WARN_UNGUARDED_AVAILABILITY = YES_AGGRESSIVE;
				CLANG_WARN_UNREACHABLE_CODE = YES;
				CLANG_WARN__DUPLICATE_METHOD_MATCH = YES;
				CODE_SIGN_IDENTITY = "iPhone Developer";
				COPY_PHASE_STRIP = NO;
				DEBUG_INFORMATION_FORMAT = "dwarf-with-dsym";
				ENABLE_NS_ASSERTIONS = NO;
				ENABLE_STRICT_OBJC_MSGSEND = YES;
				GCC_C_LANGUAGE_STANDARD = gnu11;
				GCC_NO_COMMON_BLOCKS = YES;
				GCC_WARN_64_TO_32_BIT_CONVERSION = YES;
				GCC_WARN_ABOUT_RETURN_TYPE = YES_ERROR;
				GCC_WARN_UNDECLARED_SELECTOR = YES;
				GCC_WARN_UNINITIALIZED_AUTOS = YES_AGGRESSIVE;
				GCC_WARN_UNUSED_FUNCTION = YES;
				GCC_WARN_UNUSED_VARIABLE = YES;
				IPHONEOS_DEPLOYMENT_TARGET = 9.0;
				MTL_ENABLE_DEBUG_INFO = NO;
				SDKROOT = iphoneos;
				SWIFT_OPTIMIZATION_LEVEL = "-Owholemodule";
				VALIDATE_PRODUCT = YES;
			};
			name = Release;
		};
		04EA46182064C9B7002578AF /* Debug */ = {
			isa = XCBuildConfiguration;
			baseConfigurationReference = 4DF2758498417F8A9B5F5CB0 /* Pods-Ladder.debug.xcconfig */;
			buildSettings = {
				ALWAYS_EMBED_SWIFT_STANDARD_LIBRARIES = "$(inherited)";
				ASSETCATALOG_COMPILER_APPICON_NAME = AppIcon;
				CODE_SIGN_ENTITLEMENTS = Ladder/Ladder.entitlements;
				CODE_SIGN_STYLE = Automatic;
				DEVELOPMENT_TEAM = 7G847Y935F;
				ENABLE_BITCODE = YES;
				FRAMEWORK_SEARCH_PATHS = "$(inherited)";
				INFOPLIST_FILE = Ladder/Info.plist;
				IPHONEOS_DEPLOYMENT_TARGET = 9.0;
				LD_RUNPATH_SEARCH_PATHS = "$(inherited) @executable_path/Frameworks";
				OTHER_LDFLAGS = (
					"$(inherited)",
					"-framework",
					"\"KeychainAccess\"",
				);
				PRODUCT_BUNDLE_IDENTIFIER = com.corestate.ladder;
				PRODUCT_NAME = "$(TARGET_NAME)";
				SWIFT_VERSION = 4.0;
				TARGETED_DEVICE_FAMILY = "1,2";
			};
			name = Debug;
		};
		04EA46192064C9B7002578AF /* Release */ = {
			isa = XCBuildConfiguration;
			baseConfigurationReference = 5A5929D2D57566F2F0E0200B /* Pods-Ladder.release.xcconfig */;
			buildSettings = {
				ALWAYS_EMBED_SWIFT_STANDARD_LIBRARIES = "$(inherited)";
				ASSETCATALOG_COMPILER_APPICON_NAME = AppIcon;
				CODE_SIGN_ENTITLEMENTS = Ladder/Ladder.entitlements;
				CODE_SIGN_STYLE = Automatic;
				DEVELOPMENT_TEAM = 7G847Y935F;
				ENABLE_BITCODE = YES;
				FRAMEWORK_SEARCH_PATHS = "$(inherited)";
				INFOPLIST_FILE = Ladder/Info.plist;
				IPHONEOS_DEPLOYMENT_TARGET = 9.0;
				LD_RUNPATH_SEARCH_PATHS = "$(inherited) @executable_path/Frameworks";
				OTHER_LDFLAGS = (
					"$(inherited)",
					"-framework",
					"\"KeychainAccess\"",
				);
				PRODUCT_BUNDLE_IDENTIFIER = com.corestate.ladder;
				PRODUCT_NAME = "$(TARGET_NAME)";
				SWIFT_VERSION = 4.0;
				TARGETED_DEVICE_FAMILY = "1,2";
			};
			name = Release;
		};
		04EA463D2064D10E002578AF /* Debug */ = {
			isa = XCBuildConfiguration;
			baseConfigurationReference = 9CB38D230EFD4D8655CD6B02 /* Pods-PacketTunnel.debug.xcconfig */;
			buildSettings = {
				ALWAYS_EMBED_SWIFT_STANDARD_LIBRARIES = "$(inherited)";
				APPLICATION_EXTENSION_API_ONLY = YES;
				CODE_SIGN_ENTITLEMENTS = PacketTunnel/PacketTunnel.entitlements;
				"CODE_SIGN_IDENTITY[sdk=iphoneos*]" = "iPhone Developer";
				CODE_SIGN_STYLE = Automatic;
				DEVELOPMENT_TEAM = 7G847Y935F;
				ENABLE_BITCODE = YES;
				FRAMEWORK_SEARCH_PATHS = "$(inherited)";
				INFOPLIST_FILE = PacketTunnel/Info.plist;
				IPHONEOS_DEPLOYMENT_TARGET = 9.0;
				LD_RUNPATH_SEARCH_PATHS = "$(inherited) @executable_path/Frameworks @executable_path/../../Frameworks";
				OTHER_LDFLAGS = (
					"$(inherited)",
					"-framework",
					"\"CocoaAsyncSocket\"",
					"-framework",
					"\"CryptoSwift\"",
				);
				PRODUCT_BUNDLE_IDENTIFIER = "com.corestate.ladder.packet-tunnel";
				PRODUCT_NAME = "$(TARGET_NAME)";
				PROVISIONING_PROFILE_SPECIFIER = "";
				SKIP_INSTALL = YES;
				SWIFT_VERSION = 4.0;
				TARGETED_DEVICE_FAMILY = "1,2";
			};
			name = Debug;
		};
		04EA463E2064D10E002578AF /* Release */ = {
			isa = XCBuildConfiguration;
			baseConfigurationReference = 69E373F6ADD4CC82FAD29AB0 /* Pods-PacketTunnel.release.xcconfig */;
			buildSettings = {
				ALWAYS_EMBED_SWIFT_STANDARD_LIBRARIES = "$(inherited)";
				APPLICATION_EXTENSION_API_ONLY = YES;
				CODE_SIGN_ENTITLEMENTS = PacketTunnel/PacketTunnel.entitlements;
				"CODE_SIGN_IDENTITY[sdk=iphoneos*]" = "iPhone Developer";
				CODE_SIGN_STYLE = Automatic;
				DEVELOPMENT_TEAM = 7G847Y935F;
				ENABLE_BITCODE = YES;
				FRAMEWORK_SEARCH_PATHS = "$(inherited)";
				INFOPLIST_FILE = PacketTunnel/Info.plist;
				IPHONEOS_DEPLOYMENT_TARGET = 9.0;
				LD_RUNPATH_SEARCH_PATHS = "$(inherited) @executable_path/Frameworks @executable_path/../../Frameworks";
				OTHER_LDFLAGS = (
					"$(inherited)",
					"-framework",
					"\"CocoaAsyncSocket\"",
					"-framework",
					"\"CryptoSwift\"",
				);
				PRODUCT_BUNDLE_IDENTIFIER = "com.corestate.ladder.packet-tunnel";
				PRODUCT_NAME = "$(TARGET_NAME)";
				PROVISIONING_PROFILE_SPECIFIER = "";
				SKIP_INSTALL = YES;
				SWIFT_VERSION = 4.0;
				TARGETED_DEVICE_FAMILY = "1,2";
			};
			name = Release;
		};
/* End XCBuildConfiguration section */

/* Begin XCConfigurationList section */
		04EA46002064C9B7002578AF /* Build configuration list for PBXProject "Ladder" */ = {
			isa = XCConfigurationList;
			buildConfigurations = (
				04EA46152064C9B7002578AF /* Debug */,
				04EA46162064C9B7002578AF /* Release */,
			);
			defaultConfigurationIsVisible = 0;
			defaultConfigurationName = Release;
		};
		04EA46172064C9B7002578AF /* Build configuration list for PBXNativeTarget "Ladder" */ = {
			isa = XCConfigurationList;
			buildConfigurations = (
				04EA46182064C9B7002578AF /* Debug */,
				04EA46192064C9B7002578AF /* Release */,
			);
			defaultConfigurationIsVisible = 0;
			defaultConfigurationName = Release;
		};
		04EA463C2064D10E002578AF /* Build configuration list for PBXNativeTarget "PacketTunnel" */ = {
			isa = XCConfigurationList;
			buildConfigurations = (
				04EA463D2064D10E002578AF /* Debug */,
				04EA463E2064D10E002578AF /* Release */,
			);
			defaultConfigurationIsVisible = 0;
			defaultConfigurationName = Release;
		};
/* End XCConfigurationList section */
	};
	rootObject = 04EA45FD2064C9B7002578AF /* Project object */;
}
